
Microsoft Visual Studio Solution File, Format Version 12.00
# Visual Studio Version 16
VisualStudioVersion = 16.0.28803.352
MinimumVisualStudioVersion = 10.0.40219.1
Project("{FAE04EC0-301F-11D3-BF4B-00C04F79EFBC}") = "SiMay.RemoteMonitor", "SiMay.RemoteMonitor\SiMay.RemoteMonitor.csproj", "{97E36F9B-145B-41DB-B6CF-E054B010869E}"
EndProject
Project("{FAE04EC0-301F-11D3-BF4B-00C04F79EFBC}") = "SiMay.Core", "SiMay.Core\SiMay.Core.csproj", "{1AADC6F7-6FF9-4C68-8A26-E507F22B9060}"
EndProject
Project("{FAE04EC0-301F-11D3-BF4B-00C04F79EFBC}") = "SiMay.ServiceCore", "SiMay.RemoteClient.NewCore\SiMay.ServiceCore.csproj", "{8D061D46-9E59-42B0-91DC-4E380E4AE0BA}"
EndProject
Project("{FAE04EC0-301F-11D3-BF4B-00C04F79EFBC}") = "SiMay.Net.SessionProvider", "SiMay.Net.SessionProvider\SiMay.Net.SessionProvider.csproj", "{BF5B6F41-D688-447F-BF81-EA821216F188}"
EndProject
Project("{FAE04EC0-301F-11D3-BF4B-00C04F79EFBC}") = "SiMay.Net.SessionProviderService", "SiMay.Net.SessionProviderService\SiMay.Net.SessionProviderService.csproj", "{61FB6C20-4541-40D1-AC4B-3ECDACF5F633}"
EndProject
Project("{FAE04EC0-301F-11D3-BF4B-00C04F79EFBC}") = "SiMay.Net.SessionProvider.Core", "SiMay.Net.SessionProvider.Core\SiMay.Net.SessionProvider.Core.csproj", "{8BFDB408-D26D-4689-B426-BE45AD195880}"
EndProject
Project("{FAE04EC0-301F-11D3-BF4B-00C04F79EFBC}") = "SiMay.Basic", "SiMay.Basic\SiMay.Basic.csproj", "{B30CD716-698A-4DA2-BD1A-C152B16993C0}"
EndProject
Project("{2150E333-8FDC-42A3-9474-1A3956D46DE8}") = "SiMay.RemoteService", "SiMay.RemoteService", "{FBA5D1FE-11EA-4FAE-B88F-7E2E809419C9}"
EndProject
Project("{2150E333-8FDC-42A3-9474-1A3956D46DE8}") = "SiMay.RemoteMonitor", "SiMay.RemoteMonitor", "{A86A6BBD-1122-4993-B472-6A0265E5F2A1}"
EndProject
Project("{2150E333-8FDC-42A3-9474-1A3956D46DE8}") = "SiMay.Core", "SiMay.Core", "{5E72F9F6-8DB0-4727-92F3-D05A3CC0348E}"
EndProject
Project("{2150E333-8FDC-42A3-9474-1A3956D46DE8}") = "SiMay.Sockets", "SiMay.Sockets", "{D0952F11-B4B6-4AD4-8F72-C35BD6A33D59}"
EndProject
Project("{2150E333-8FDC-42A3-9474-1A3956D46DE8}") = "SiMay.SessionProvider", "SiMay.SessionProvider", "{9328FEED-6E95-4863-BB7B-521D0D02D7FA}"
EndProject
Project("{FAE04EC0-301F-11D3-BF4B-00C04F79EFBC}") = "SiMay.Serialize", "SiMay.Serialize\SiMay.Serialize.csproj", "{4888D6BB-46D9-4519-8758-E13E397AA226}"
EndProject
Project("{FAE04EC0-301F-11D3-BF4B-00C04F79EFBC}") = "SiMay.RemoteControlsCore", "SiMay.RemoteControlsCore\SiMay.RemoteControlsCore.csproj", "{44DFA13C-03C3-4F07-9D78-30F981BFABC5}"
EndProject
Project("{9A19103F-16F7-4668-BE54-9A1E7A4F7556}") = "SiMay.Sockets.Standard", "SiMay.Sockets.Standard\SiMay.Sockets.Standard.csproj", "{866F8FE0-EE58-4D38-8BE7-CBDD19DD1B40}"
EndProject
Project("{FAE04EC0-301F-11D3-BF4B-00C04F79EFBC}") = "SiMay.RemoteService.Loader", "SiMay.RemoteService.Loader\SiMay.RemoteService.Loader.csproj", "{7EFE8058-F772-40EB-8E12-6E88E2A9E19A}"
EndProject
Global
	GlobalSection(SolutionConfigurationPlatforms) = preSolution
		Debug|Any CPU = Debug|Any CPU
		Debug|x64 = Debug|x64
		Debug|x86 = Debug|x86
		Release|Any CPU = Release|Any CPU
		Release|x64 = Release|x64
		Release|x86 = Release|x86
	EndGlobalSection
	GlobalSection(ProjectConfigurationPlatforms) = postSolution
		{97E36F9B-145B-41DB-B6CF-E054B010869E}.Debug|Any CPU.ActiveCfg = Debug|Any CPU
		{97E36F9B-145B-41DB-B6CF-E054B010869E}.Debug|Any CPU.Build.0 = Debug|Any CPU
		{97E36F9B-145B-41DB-B6CF-E054B010869E}.Debug|Any CPU.Deploy.0 = Debug|Any CPU
		{97E36F9B-145B-41DB-B6CF-E054B010869E}.Debug|x64.ActiveCfg = Debug|Any CPU
		{97E36F9B-145B-41DB-B6CF-E054B010869E}.Debug|x64.Build.0 = Debug|Any CPU
		{97E36F9B-145B-41DB-B6CF-E054B010869E}.Debug|x86.ActiveCfg = Debug|x86
		{97E36F9B-145B-41DB-B6CF-E054B010869E}.Debug|x86.Build.0 = Debug|x86
		{97E36F9B-145B-41DB-B6CF-E054B010869E}.Release|Any CPU.ActiveCfg = Release|Any CPU
		{97E36F9B-145B-41DB-B6CF-E054B010869E}.Release|Any CPU.Build.0 = Release|Any CPU
		{97E36F9B-145B-41DB-B6CF-E054B010869E}.Release|x64.ActiveCfg = Release|Any CPU
		{97E36F9B-145B-41DB-B6CF-E054B010869E}.Release|x64.Build.0 = Release|Any CPU
		{97E36F9B-145B-41DB-B6CF-E054B010869E}.Release|x86.ActiveCfg = Release|x86
		{97E36F9B-145B-41DB-B6CF-E054B010869E}.Release|x86.Build.0 = Release|x86
		{1AADC6F7-6FF9-4C68-8A26-E507F22B9060}.Debug|Any CPU.ActiveCfg = Debug|Any CPU
		{1AADC6F7-6FF9-4C68-8A26-E507F22B9060}.Debug|Any CPU.Build.0 = Debug|Any CPU
		{1AADC6F7-6FF9-4C68-8A26-E507F22B9060}.Debug|x64.ActiveCfg = Debug|Any CPU
		{1AADC6F7-6FF9-4C68-8A26-E507F22B9060}.Debug|x64.Build.0 = Debug|Any CPU
		{1AADC6F7-6FF9-4C68-8A26-E507F22B9060}.Debug|x86.ActiveCfg = Debug|Any CPU
		{1AADC6F7-6FF9-4C68-8A26-E507F22B9060}.Debug|x86.Build.0 = Debug|Any CPU
		{1AADC6F7-6FF9-4C68-8A26-E507F22B9060}.Release|Any CPU.ActiveCfg = Release|Any CPU
		{1AADC6F7-6FF9-4C68-8A26-E507F22B9060}.Release|Any CPU.Build.0 = Release|Any CPU
		{1AADC6F7-6FF9-4C68-8A26-E507F22B9060}.Release|x64.ActiveCfg = Release|Any CPU
		{1AADC6F7-6FF9-4C68-8A26-E507F22B9060}.Release|x64.Build.0 = Release|Any CPU
		{1AADC6F7-6FF9-4C68-8A26-E507F22B9060}.Release|x86.ActiveCfg = Release|Any CPU
		{1AADC6F7-6FF9-4C68-8A26-E507F22B9060}.Release|x86.Build.0 = Release|Any CPU
		{8D061D46-9E59-42B0-91DC-4E380E4AE0BA}.Debug|Any CPU.ActiveCfg = Debug|Any CPU
		{8D061D46-9E59-42B0-91DC-4E380E4AE0BA}.Debug|Any CPU.Build.0 = Debug|Any CPU
		{8D061D46-9E59-42B0-91DC-4E380E4AE0BA}.Debug|x64.ActiveCfg = Debug|x64
		{8D061D46-9E59-42B0-91DC-4E380E4AE0BA}.Debug|x64.Build.0 = Debug|x64
		{8D061D46-9E59-42B0-91DC-4E380E4AE0BA}.Debug|x86.ActiveCfg = Debug|Any CPU
		{8D061D46-9E59-42B0-91DC-4E380E4AE0BA}.Debug|x86.Build.0 = Debug|Any CPU
		{8D061D46-9E59-42B0-91DC-4E380E4AE0BA}.Release|Any CPU.ActiveCfg = Release|Any CPU
		{8D061D46-9E59-42B0-91DC-4E380E4AE0BA}.Release|Any CPU.Build.0 = Release|Any CPU
		{8D061D46-9E59-42B0-91DC-4E380E4AE0BA}.Release|x64.ActiveCfg = Release|x64
		{8D061D46-9E59-42B0-91DC-4E380E4AE0BA}.Release|x64.Build.0 = Release|x64
		{8D061D46-9E59-42B0-91DC-4E380E4AE0BA}.Release|x86.ActiveCfg = Release|Any CPU
		{8D061D46-9E59-42B0-91DC-4E380E4AE0BA}.Release|x86.Build.0 = Release|Any CPU
		{BF5B6F41-D688-447F-BF81-EA821216F188}.Debug|Any CPU.ActiveCfg = Debug|Any CPU
		{BF5B6F41-D688-447F-BF81-EA821216F188}.Debug|Any CPU.Build.0 = Debug|Any CPU
		{BF5B6F41-D688-447F-BF81-EA821216F188}.Debug|x64.ActiveCfg = Debug|Any CPU
		{BF5B6F41-D688-447F-BF81-EA821216F188}.Debug|x64.Build.0 = Debug|Any CPU
		{BF5B6F41-D688-447F-BF81-EA821216F188}.Debug|x86.ActiveCfg = Debug|Any CPU
		{BF5B6F41-D688-447F-BF81-EA821216F188}.Debug|x86.Build.0 = Debug|Any CPU
		{BF5B6F41-D688-447F-BF81-EA821216F188}.Release|Any CPU.ActiveCfg = Release|Any CPU
		{BF5B6F41-D688-447F-BF81-EA821216F188}.Release|Any CPU.Build.0 = Release|Any CPU
		{BF5B6F41-D688-447F-BF81-EA821216F188}.Release|x64.ActiveCfg = Release|Any CPU
		{BF5B6F41-D688-447F-BF81-EA821216F188}.Release|x64.Build.0 = Release|Any CPU
		{BF5B6F41-D688-447F-BF81-EA821216F188}.Release|x86.ActiveCfg = Release|Any CPU
		{BF5B6F41-D688-447F-BF81-EA821216F188}.Release|x86.Build.0 = Release|Any CPU
		{61FB6C20-4541-40D1-AC4B-3ECDACF5F633}.Debug|Any CPU.ActiveCfg = Debug|Any CPU
		{61FB6C20-4541-40D1-AC4B-3ECDACF5F633}.Debug|Any CPU.Build.0 = Debug|Any CPU
		{61FB6C20-4541-40D1-AC4B-3ECDACF5F633}.Debug|x64.ActiveCfg = Debug|Any CPU
		{61FB6C20-4541-40D1-AC4B-3ECDACF5F633}.Debug|x64.Build.0 = Debug|Any CPU
		{61FB6C20-4541-40D1-AC4B-3ECDACF5F633}.Debug|x86.ActiveCfg = Debug|Any CPU
		{61FB6C20-4541-40D1-AC4B-3ECDACF5F633}.Debug|x86.Build.0 = Debug|Any CPU
		{61FB6C20-4541-40D1-AC4B-3ECDACF5F633}.Release|Any CPU.ActiveCfg = Release|Any CPU
		{61FB6C20-4541-40D1-AC4B-3ECDACF5F633}.Release|Any CPU.Build.0 = Release|Any CPU
		{61FB6C20-4541-40D1-AC4B-3ECDACF5F633}.Release|x64.ActiveCfg = Release|Any CPU
		{61FB6C20-4541-40D1-AC4B-3ECDACF5F633}.Release|x64.Build.0 = Release|Any CPU
		{61FB6C20-4541-40D1-AC4B-3ECDACF5F633}.Release|x86.ActiveCfg = Release|Any CPU
		{61FB6C20-4541-40D1-AC4B-3ECDACF5F633}.Release|x86.Build.0 = Release|Any CPU
		{8BFDB408-D26D-4689-B426-BE45AD195880}.Debug|Any CPU.ActiveCfg = Debug|Any CPU
		{8BFDB408-D26D-4689-B426-BE45AD195880}.Debug|Any CPU.Build.0 = Debug|Any CPU
		{8BFDB408-D26D-4689-B426-BE45AD195880}.Debug|x64.ActiveCfg = Debug|Any CPU
		{8BFDB408-D26D-4689-B426-BE45AD195880}.Debug|x64.Build.0 = Debug|Any CPU
		{8BFDB408-D26D-4689-B426-BE45AD195880}.Debug|x86.ActiveCfg = Debug|Any CPU
		{8BFDB408-D26D-4689-B426-BE45AD195880}.Debug|x86.Build.0 = Debug|Any CPU
		{8BFDB408-D26D-4689-B426-BE45AD195880}.Release|Any CPU.ActiveCfg = Release|Any CPU
		{8BFDB408-D26D-4689-B426-BE45AD195880}.Release|Any CPU.Build.0 = Release|Any CPU
		{8BFDB408-D26D-4689-B426-BE45AD195880}.Release|x64.ActiveCfg = Release|Any CPU
		{8BFDB408-D26D-4689-B426-BE45AD195880}.Release|x64.Build.0 = Release|Any CPU
		{8BFDB408-D26D-4689-B426-BE45AD195880}.Release|x86.ActiveCfg = Release|Any CPU
		{8BFDB408-D26D-4689-B426-BE45AD195880}.Release|x86.Build.0 = Release|Any CPU
		{B30CD716-698A-4DA2-BD1A-C152B16993C0}.Debug|Any CPU.ActiveCfg = Debug|Any CPU
		{B30CD716-698A-4DA2-BD1A-C152B16993C0}.Debug|Any CPU.Build.0 = Debug|Any CPU
		{B30CD716-698A-4DA2-BD1A-C152B16993C0}.Debug|x64.ActiveCfg = Debug|Any CPU
		{B30CD716-698A-4DA2-BD1A-C152B16993C0}.Debug|x64.Build.0 = Debug|Any CPU
		{B30CD716-698A-4DA2-BD1A-C152B16993C0}.Debug|x86.ActiveCfg = Debug|Any CPU
		{B30CD716-698A-4DA2-BD1A-C152B16993C0}.Debug|x86.Build.0 = Debug|Any CPU
		{B30CD716-698A-4DA2-BD1A-C152B16993C0}.Release|Any CPU.ActiveCfg = Release|Any CPU
		{B30CD716-698A-4DA2-BD1A-C152B16993C0}.Release|Any CPU.Build.0 = Release|Any CPU
		{B30CD716-698A-4DA2-BD1A-C152B16993C0}.Release|x64.ActiveCfg = Release|Any CPU
		{B30CD716-698A-4DA2-BD1A-C152B16993C0}.Release|x64.Build.0 = Release|Any CPU
		{B30CD716-698A-4DA2-BD1A-C152B16993C0}.Release|x86.ActiveCfg = Release|Any CPU
		{B30CD716-698A-4DA2-BD1A-C152B16993C0}.Release|x86.Build.0 = Release|Any CPU
		{4888D6BB-46D9-4519-8758-E13E397AA226}.Debug|Any CPU.ActiveCfg = Debug|Any CPU
		{4888D6BB-46D9-4519-8758-E13E397AA226}.Debug|Any CPU.Build.0 = Debug|Any CPU
		{4888D6BB-46D9-4519-8758-E13E397AA226}.Debug|x64.ActiveCfg = Debug|Any CPU
		{4888D6BB-46D9-4519-8758-E13E397AA226}.Debug|x64.Build.0 = Debug|Any CPU
		{4888D6BB-46D9-4519-8758-E13E397AA226}.Debug|x86.ActiveCfg = Debug|Any CPU
		{4888D6BB-46D9-4519-8758-E13E397AA226}.Debug|x86.Build.0 = Debug|Any CPU
		{4888D6BB-46D9-4519-8758-E13E397AA226}.Release|Any CPU.ActiveCfg = Release|Any CPU
		{4888D6BB-46D9-4519-8758-E13E397AA226}.Release|Any CPU.Build.0 = Release|Any CPU
		{4888D6BB-46D9-4519-8758-E13E397AA226}.Release|x64.ActiveCfg = Release|Any CPU
		{4888D6BB-46D9-4519-8758-E13E397AA226}.Release|x64.Build.0 = Release|Any CPU
		{4888D6BB-46D9-4519-8758-E13E397AA226}.Release|x86.ActiveCfg = Release|Any CPU
		{4888D6BB-46D9-4519-8758-E13E397AA226}.Release|x86.Build.0 = Release|Any CPU
		{44DFA13C-03C3-4F07-9D78-30F981BFABC5}.Debug|Any CPU.ActiveCfg = Debug|Any CPU
		{44DFA13C-03C3-4F07-9D78-30F981BFABC5}.Debug|Any CPU.Build.0 = Debug|Any CPU
		{44DFA13C-03C3-4F07-9D78-30F981BFABC5}.Debug|x64.ActiveCfg = Debug|Any CPU
		{44DFA13C-03C3-4F07-9D78-30F981BFABC5}.Debug|x64.Build.0 = Debug|Any CPU
		{44DFA13C-03C3-4F07-9D78-30F981BFABC5}.Debug|x86.ActiveCfg = Debug|Any CPU
		{44DFA13C-03C3-4F07-9D78-30F981BFABC5}.Debug|x86.Build.0 = Debug|Any CPU
		{44DFA13C-03C3-4F07-9D78-30F981BFABC5}.Release|Any CPU.ActiveCfg = Release|Any CPU
		{44DFA13C-03C3-4F07-9D78-30F981BFABC5}.Release|Any CPU.Build.0 = Release|Any CPU
		{44DFA13C-03C3-4F07-9D78-30F981BFABC5}.Release|x64.ActiveCfg = Release|Any CPU
		{44DFA13C-03C3-4F07-9D78-30F981BFABC5}.Release|x64.Build.0 = Release|Any CPU
		{44DFA13C-03C3-4F07-9D78-30F981BFABC5}.Release|x86.ActiveCfg = Release|Any CPU
		{44DFA13C-03C3-4F07-9D78-30F981BFABC5}.Release|x86.Build.0 = Release|Any CPU
		{866F8FE0-EE58-4D38-8BE7-CBDD19DD1B40}.Debug|Any CPU.ActiveCfg = Debug|Any CPU
		{866F8FE0-EE58-4D38-8BE7-CBDD19DD1B40}.Debug|Any CPU.Build.0 = Debug|Any CPU
		{866F8FE0-EE58-4D38-8BE7-CBDD19DD1B40}.Debug|x64.ActiveCfg = Debug|Any CPU
		{866F8FE0-EE58-4D38-8BE7-CBDD19DD1B40}.Debug|x64.Build.0 = Debug|Any CPU
		{866F8FE0-EE58-4D38-8BE7-CBDD19DD1B40}.Debug|x86.ActiveCfg = Debug|Any CPU
		{866F8FE0-EE58-4D38-8BE7-CBDD19DD1B40}.Debug|x86.Build.0 = Debug|Any CPU
		{866F8FE0-EE58-4D38-8BE7-CBDD19DD1B40}.Release|Any CPU.ActiveCfg = Release|Any CPU
		{866F8FE0-EE58-4D38-8BE7-CBDD19DD1B40}.Release|Any CPU.Build.0 = Release|Any CPU
		{866F8FE0-EE58-4D38-8BE7-CBDD19DD1B40}.Release|x64.ActiveCfg = Release|Any CPU
		{866F8FE0-EE58-4D38-8BE7-CBDD19DD1B40}.Release|x64.Build.0 = Release|Any CPU
		{866F8FE0-EE58-4D38-8BE7-CBDD19DD1B40}.Release|x86.ActiveCfg = Release|Any CPU
		{866F8FE0-EE58-4D38-8BE7-CBDD19DD1B40}.Release|x86.Build.0 = Release|Any CPU
		{7EFE8058-F772-40EB-8E12-6E88E2A9E19A}.Debug|Any CPU.ActiveCfg = Debug|Any CPU
		{7EFE8058-F772-40EB-8E12-6E88E2A9E19A}.Debug|Any CPU.Build.0 = Debug|Any CPU
		{7EFE8058-F772-40EB-8E12-6E88E2A9E19A}.Debug|x64.ActiveCfg = Debug|Any CPU
		{7EFE8058-F772-40EB-8E12-6E88E2A9E19A}.Debug|x64.Build.0 = Debug|Any CPU
		{7EFE8058-F772-40EB-8E12-6E88E2A9E19A}.Debug|x86.ActiveCfg = Debug|Any CPU
		{7EFE8058-F772-40EB-8E12-6E88E2A9E19A}.Debug|x86.Build.0 = Debug|Any CPU
		{7EFE8058-F772-40EB-8E12-6E88E2A9E19A}.Release|Any CPU.ActiveCfg = Release|Any CPU
		{7EFE8058-F772-40EB-8E12-6E88E2A9E19A}.Release|Any CPU.Build.0 = Release|Any CPU
		{7EFE8058-F772-40EB-8E12-6E88E2A9E19A}.Release|x64.ActiveCfg = Release|Any CPU
		{7EFE8058-F772-40EB-8E12-6E88E2A9E19A}.Release|x64.Build.0 = Release|Any CPU
		{7EFE8058-F772-40EB-8E12-6E88E2A9E19A}.Release|x86.ActiveCfg = Release|Any CPU
		{7EFE8058-F772-40EB-8E12-6E88E2A9E19A}.Release|x86.Build.0 = Release|Any CPU
	EndGlobalSection
	GlobalSection(SolutionProperties) = preSolution
		HideSolutionNode = FALSE
	EndGlobalSection
	GlobalSection(NestedProjects) = preSolution
		{97E36F9B-145B-41DB-B6CF-E054B010869E} = {A86A6BBD-1122-4993-B472-6A0265E5F2A1}
		{1AADC6F7-6FF9-4C68-8A26-E507F22B9060} = {5E72F9F6-8DB0-4727-92F3-D05A3CC0348E}
		{8D061D46-9E59-42B0-91DC-4E380E4AE0BA} = {FBA5D1FE-11EA-4FAE-B88F-7E2E809419C9}
		{BF5B6F41-D688-447F-BF81-EA821216F188} = {9328FEED-6E95-4863-BB7B-521D0D02D7FA}
		{61FB6C20-4541-40D1-AC4B-3ECDACF5F633} = {9328FEED-6E95-4863-BB7B-521D0D02D7FA}
		{8BFDB408-D26D-4689-B426-BE45AD195880} = {9328FEED-6E95-4863-BB7B-521D0D02D7FA}
		{B30CD716-698A-4DA2-BD1A-C152B16993C0} = {5E72F9F6-8DB0-4727-92F3-D05A3CC0348E}
		{4888D6BB-46D9-4519-8758-E13E397AA226} = {5E72F9F6-8DB0-4727-92F3-D05A3CC0348E}
		{44DFA13C-03C3-4F07-9D78-30F981BFABC5} = {A86A6BBD-1122-4993-B472-6A0265E5F2A1}
		{866F8FE0-EE58-4D38-8BE7-CBDD19DD1B40} = {D0952F11-B4B6-4AD4-8F72-C35BD6A33D59}
		{7EFE8058-F772-40EB-8E12-6E88E2A9E19A} = {FBA5D1FE-11EA-4FAE-B88F-7E2E809419C9}
	EndGlobalSection
	GlobalSection(ExtensibilityGlobals) = postSolution
		SolutionGuid = {A0BD3F74-AC23-4649-932F-ECB61CF9EED6}
	EndGlobalSection
EndGlobal
