
Microsoft Visual Studio Solution File, Format Version 12.00
# Visual Studio Version 16
VisualStudioVersion = 16.0.28803.352
MinimumVisualStudioVersion = 10.0.40219.1
Project("{FAE04EC0-301F-11D3-BF4B-00C04F79EFBC}") = "SiMay.RemoteMonitor.Windows", "SiMay.RemoteMonitor\SiMay.RemoteMonitor.Windows.csproj", "{97E36F9B-145B-41DB-B6CF-E054B010869E}"
EndProject
Project("{FAE04EC0-301F-11D3-BF4B-00C04F79EFBC}") = "SiMay.Service.Core", "SiMay.RemoteClient.NewCore\SiMay.Service.Core.csproj", "{8D061D46-9E59-42B0-91DC-4E380E4AE0BA}"
EndProject
Project("{FAE04EC0-301F-11D3-BF4B-00C04F79EFBC}") = "SiMay.Net.SessionProviderService", "SiMay.Net.SessionProviderService\SiMay.Net.SessionProviderService.csproj", "{61FB6C20-4541-40D1-AC4B-3ECDACF5F633}"
EndProject
Project("{2150E333-8FDC-42A3-9474-1A3956D46DE8}") = "SiMay.RemoteService", "SiMay.RemoteService", "{FBA5D1FE-11EA-4FAE-B88F-7E2E809419C9}"
EndProject
Project("{2150E333-8FDC-42A3-9474-1A3956D46DE8}") = "SiMay.RemoteMonitor", "SiMay.RemoteMonitor", "{A86A6BBD-1122-4993-B472-6A0265E5F2A1}"
EndProject
Project("{2150E333-8FDC-42A3-9474-1A3956D46DE8}") = "SiMay.Commonality", "SiMay.Commonality", "{5E72F9F6-8DB0-4727-92F3-D05A3CC0348E}"
EndProject
Project("{2150E333-8FDC-42A3-9474-1A3956D46DE8}") = "SiMay.Sockets", "SiMay.Sockets", "{D0952F11-B4B6-4AD4-8F72-C35BD6A33D59}"
EndProject
Project("{2150E333-8FDC-42A3-9474-1A3956D46DE8}") = "SiMay.SessionProvider", "SiMay.SessionProvider", "{9328FEED-6E95-4863-BB7B-521D0D02D7FA}"
EndProject
Project("{9A19103F-16F7-4668-BE54-9A1E7A4F7556}") = "SiMay.Sockets.Standard", "SiMay.Sockets.Standard\SiMay.Sockets.Standard.csproj", "{866F8FE0-EE58-4D38-8BE7-CBDD19DD1B40}"
EndProject
Project("{FAE04EC0-301F-11D3-BF4B-00C04F79EFBC}") = "SiMay.RemoteService.Loader", "SiMay.RemoteService.Loader\SiMay.RemoteService.Loader.csproj", "{7EFE8058-F772-40EB-8E12-6E88E2A9E19A}"
EndProject
Project("{9A19103F-16F7-4668-BE54-9A1E7A4F7556}") = "SiMay.Net.SessionProviderServiceCore", "SiMay.Net.SessionProviderServiceCore\SiMay.Net.SessionProviderServiceCore.csproj", "{3C91F949-5187-4CDF-9A5B-AA3C20F7544B}"
EndProject
Project("{9A19103F-16F7-4668-BE54-9A1E7A4F7556}") = "SiMay.Basic", "SiMay.Basic\SiMay.Basic.csproj", "{8F2F35CB-D5EE-4D92-B42F-BCFFBF9C9D4F}"
EndProject
Project("{9A19103F-16F7-4668-BE54-9A1E7A4F7556}") = "SiMay.Serialize.Standard", "SiMay.Serialize.Standard\SiMay.Serialize.Standard.csproj", "{9525A4AA-6731-4AB2-8CD0-ADDF7940FE32}"
EndProject
Project("{9A19103F-16F7-4668-BE54-9A1E7A4F7556}") = "SiMay.Net.SessionProvider", "SiMay.Net.SessionProvider\SiMay.Net.SessionProvider.csproj", "{71283236-56CB-481E-A644-B7F9AF9EFDF9}"
EndProject
Project("{9A19103F-16F7-4668-BE54-9A1E7A4F7556}") = "SiMay.Net.SessionProvider.Core", "SiMay.Net.SessionProvider.Core\SiMay.Net.SessionProvider.Core.csproj", "{0B2B697D-DD20-4869-836C-08C848E1813F}"
EndProject
Project("{2150E333-8FDC-42A3-9474-1A3956D46DE8}") = "SiMay.Platform", "SiMay.Platform", "{04BD2EEA-6BA3-47AD-A7F4-67D54E304498}"
EndProject
Project("{9A19103F-16F7-4668-BE54-9A1E7A4F7556}") = "SiMay.Core.Standard", "SiMay.Core.Standard\SiMay.Core.Standard.csproj", "{48F71FA4-BDA3-4B2D-BC07-9F24CB9A6FB5}"
EndProject
Project("{FAE04EC0-301F-11D3-BF4B-00C04F79EFBC}") = "SiMay.Platform.Windows", "SiMay.Platform.Windows\SiMay.Platform.Windows.csproj", "{B8B6A5BD-5349-4114-B93C-C1A3FD028F66}"
EndProject
Project("{9A19103F-16F7-4668-BE54-9A1E7A4F7556}") = "SiMay.RemoteControls.Core", "SiMay.RemoteControls.Core\SiMay.RemoteControls.Core.csproj", "{8F5633D0-ADF1-4623-9BB0-2BEC910DFB45}"
EndProject
Project("{FAE04EC0-301F-11D3-BF4B-00C04F79EFBC}") = "SiMay.RemoteMonitor.Web", "SiMay.RemoteMonitorFor.Web\SiMay.RemoteMonitor.Web.csproj", "{218F5344-00FC-4428-82CE-7C4B79F04A4F}"
EndProject
Project("{9A19103F-16F7-4668-BE54-9A1E7A4F7556}") = "SiMay.ModelBinder", "SiMay.ModelBinder\SiMay.ModelBinder.csproj", "{3547C677-4535-40BF-8185-F990C8B0D00F}"
EndProject
Project("{2150E333-8FDC-42A3-9474-1A3956D46DE8}") = "SiMay.UnitTest", "SiMay.UnitTest", "{55773480-7191-4C0C-BBF8-985D62DBE101}"
EndProject
Project("{9A19103F-16F7-4668-BE54-9A1E7A4F7556}") = "SiMay.Logger", "SiMay.Logger\SiMay.Logger.csproj", "{AADC0657-20B4-4879-82F0-BFE031739817}"
EndProject
Global
	GlobalSection(SolutionConfigurationPlatforms) = preSolution
		Debug|Any CPU = Debug|Any CPU
		Debug|x64 = Debug|x64
		Debug|x86 = Debug|x86
		Release|Any CPU = Release|Any CPU
		Release|x64 = Release|x64
		Release|x86 = Release|x86
	EndGlobalSection
	GlobalSection(ProjectConfigurationPlatforms) = postSolution
		{97E36F9B-145B-41DB-B6CF-E054B010869E}.Debug|Any CPU.ActiveCfg = Debug|Any CPU
		{97E36F9B-145B-41DB-B6CF-E054B010869E}.Debug|Any CPU.Build.0 = Debug|Any CPU
		{97E36F9B-145B-41DB-B6CF-E054B010869E}.Debug|Any CPU.Deploy.0 = Debug|Any CPU
		{97E36F9B-145B-41DB-B6CF-E054B010869E}.Debug|x64.ActiveCfg = Debug|Any CPU
		{97E36F9B-145B-41DB-B6CF-E054B010869E}.Debug|x64.Build.0 = Debug|Any CPU
		{97E36F9B-145B-41DB-B6CF-E054B010869E}.Debug|x86.ActiveCfg = Debug|x86
		{97E36F9B-145B-41DB-B6CF-E054B010869E}.Debug|x86.Build.0 = Debug|x86
		{97E36F9B-145B-41DB-B6CF-E054B010869E}.Release|Any CPU.ActiveCfg = Release|Any CPU
		{97E36F9B-145B-41DB-B6CF-E054B010869E}.Release|Any CPU.Build.0 = Release|Any CPU
		{97E36F9B-145B-41DB-B6CF-E054B010869E}.Release|x64.ActiveCfg = Release|Any CPU
		{97E36F9B-145B-41DB-B6CF-E054B010869E}.Release|x64.Build.0 = Release|Any CPU
		{97E36F9B-145B-41DB-B6CF-E054B010869E}.Release|x86.ActiveCfg = Release|x86
		{97E36F9B-145B-41DB-B6CF-E054B010869E}.Release|x86.Build.0 = Release|x86
		{8D061D46-9E59-42B0-91DC-4E380E4AE0BA}.Debug|Any CPU.ActiveCfg = Debug|Any CPU
		{8D061D46-9E59-42B0-91DC-4E380E4AE0BA}.Debug|Any CPU.Build.0 = Debug|Any CPU
		{8D061D46-9E59-42B0-91DC-4E380E4AE0BA}.Debug|x64.ActiveCfg = Debug|x64
		{8D061D46-9E59-42B0-91DC-4E380E4AE0BA}.Debug|x64.Build.0 = Debug|x64
		{8D061D46-9E59-42B0-91DC-4E380E4AE0BA}.Debug|x86.ActiveCfg = Debug|Any CPU
		{8D061D46-9E59-42B0-91DC-4E380E4AE0BA}.Debug|x86.Build.0 = Debug|Any CPU
		{8D061D46-9E59-42B0-91DC-4E380E4AE0BA}.Release|Any CPU.ActiveCfg = Release|Any CPU
		{8D061D46-9E59-42B0-91DC-4E380E4AE0BA}.Release|Any CPU.Build.0 = Release|Any CPU
		{8D061D46-9E59-42B0-91DC-4E380E4AE0BA}.Release|x64.ActiveCfg = Release|x64
		{8D061D46-9E59-42B0-91DC-4E380E4AE0BA}.Release|x64.Build.0 = Release|x64
		{8D061D46-9E59-42B0-91DC-4E380E4AE0BA}.Release|x86.ActiveCfg = Release|Any CPU
		{8D061D46-9E59-42B0-91DC-4E380E4AE0BA}.Release|x86.Build.0 = Release|Any CPU
		{61FB6C20-4541-40D1-AC4B-3ECDACF5F633}.Debug|Any CPU.ActiveCfg = Debug|Any CPU
		{61FB6C20-4541-40D1-AC4B-3ECDACF5F633}.Debug|Any CPU.Build.0 = Debug|Any CPU
		{61FB6C20-4541-40D1-AC4B-3ECDACF5F633}.Debug|x64.ActiveCfg = Debug|Any CPU
		{61FB6C20-4541-40D1-AC4B-3ECDACF5F633}.Debug|x64.Build.0 = Debug|Any CPU
		{61FB6C20-4541-40D1-AC4B-3ECDACF5F633}.Debug|x86.ActiveCfg = Debug|Any CPU
		{61FB6C20-4541-40D1-AC4B-3ECDACF5F633}.Debug|x86.Build.0 = Debug|Any CPU
		{61FB6C20-4541-40D1-AC4B-3ECDACF5F633}.Release|Any CPU.ActiveCfg = Release|Any CPU
		{61FB6C20-4541-40D1-AC4B-3ECDACF5F633}.Release|Any CPU.Build.0 = Release|Any CPU
		{61FB6C20-4541-40D1-AC4B-3ECDACF5F633}.Release|x64.ActiveCfg = Release|Any CPU
		{61FB6C20-4541-40D1-AC4B-3ECDACF5F633}.Release|x64.Build.0 = Release|Any CPU
		{61FB6C20-4541-40D1-AC4B-3ECDACF5F633}.Release|x86.ActiveCfg = Release|Any CPU
		{61FB6C20-4541-40D1-AC4B-3ECDACF5F633}.Release|x86.Build.0 = Release|Any CPU
		{866F8FE0-EE58-4D38-8BE7-CBDD19DD1B40}.Debug|Any CPU.ActiveCfg = Debug|Any CPU
		{866F8FE0-EE58-4D38-8BE7-CBDD19DD1B40}.Debug|Any CPU.Build.0 = Debug|Any CPU
		{866F8FE0-EE58-4D38-8BE7-CBDD19DD1B40}.Debug|x64.ActiveCfg = Debug|Any CPU
		{866F8FE0-EE58-4D38-8BE7-CBDD19DD1B40}.Debug|x64.Build.0 = Debug|Any CPU
		{866F8FE0-EE58-4D38-8BE7-CBDD19DD1B40}.Debug|x86.ActiveCfg = Debug|Any CPU
		{866F8FE0-EE58-4D38-8BE7-CBDD19DD1B40}.Debug|x86.Build.0 = Debug|Any CPU
		{866F8FE0-EE58-4D38-8BE7-CBDD19DD1B40}.Release|Any CPU.ActiveCfg = Release|Any CPU
		{866F8FE0-EE58-4D38-8BE7-CBDD19DD1B40}.Release|Any CPU.Build.0 = Release|Any CPU
		{866F8FE0-EE58-4D38-8BE7-CBDD19DD1B40}.Release|x64.ActiveCfg = Release|Any CPU
		{866F8FE0-EE58-4D38-8BE7-CBDD19DD1B40}.Release|x64.Build.0 = Release|Any CPU
		{866F8FE0-EE58-4D38-8BE7-CBDD19DD1B40}.Release|x86.ActiveCfg = Release|Any CPU
		{866F8FE0-EE58-4D38-8BE7-CBDD19DD1B40}.Release|x86.Build.0 = Release|Any CPU
		{7EFE8058-F772-40EB-8E12-6E88E2A9E19A}.Debug|Any CPU.ActiveCfg = Debug|Any CPU
		{7EFE8058-F772-40EB-8E12-6E88E2A9E19A}.Debug|Any CPU.Build.0 = Debug|Any CPU
		{7EFE8058-F772-40EB-8E12-6E88E2A9E19A}.Debug|x64.ActiveCfg = Debug|Any CPU
		{7EFE8058-F772-40EB-8E12-6E88E2A9E19A}.Debug|x64.Build.0 = Debug|Any CPU
		{7EFE8058-F772-40EB-8E12-6E88E2A9E19A}.Debug|x86.ActiveCfg = Debug|Any CPU
		{7EFE8058-F772-40EB-8E12-6E88E2A9E19A}.Debug|x86.Build.0 = Debug|Any CPU
		{7EFE8058-F772-40EB-8E12-6E88E2A9E19A}.Release|Any CPU.ActiveCfg = Release|Any CPU
		{7EFE8058-F772-40EB-8E12-6E88E2A9E19A}.Release|Any CPU.Build.0 = Release|Any CPU
		{7EFE8058-F772-40EB-8E12-6E88E2A9E19A}.Release|x64.ActiveCfg = Release|Any CPU
		{7EFE8058-F772-40EB-8E12-6E88E2A9E19A}.Release|x64.Build.0 = Release|Any CPU
		{7EFE8058-F772-40EB-8E12-6E88E2A9E19A}.Release|x86.ActiveCfg = Release|Any CPU
		{7EFE8058-F772-40EB-8E12-6E88E2A9E19A}.Release|x86.Build.0 = Release|Any CPU
		{3C91F949-5187-4CDF-9A5B-AA3C20F7544B}.Debug|Any CPU.ActiveCfg = Debug|Any CPU
		{3C91F949-5187-4CDF-9A5B-AA3C20F7544B}.Debug|Any CPU.Build.0 = Debug|Any CPU
		{3C91F949-5187-4CDF-9A5B-AA3C20F7544B}.Debug|x64.ActiveCfg = Debug|Any CPU
		{3C91F949-5187-4CDF-9A5B-AA3C20F7544B}.Debug|x64.Build.0 = Debug|Any CPU
		{3C91F949-5187-4CDF-9A5B-AA3C20F7544B}.Debug|x86.ActiveCfg = Debug|Any CPU
		{3C91F949-5187-4CDF-9A5B-AA3C20F7544B}.Debug|x86.Build.0 = Debug|Any CPU
		{3C91F949-5187-4CDF-9A5B-AA3C20F7544B}.Release|Any CPU.ActiveCfg = Release|Any CPU
		{3C91F949-5187-4CDF-9A5B-AA3C20F7544B}.Release|Any CPU.Build.0 = Release|Any CPU
		{3C91F949-5187-4CDF-9A5B-AA3C20F7544B}.Release|x64.ActiveCfg = Release|Any CPU
		{3C91F949-5187-4CDF-9A5B-AA3C20F7544B}.Release|x64.Build.0 = Release|Any CPU
		{3C91F949-5187-4CDF-9A5B-AA3C20F7544B}.Release|x86.ActiveCfg = Release|Any CPU
		{3C91F949-5187-4CDF-9A5B-AA3C20F7544B}.Release|x86.Build.0 = Release|Any CPU
		{8F2F35CB-D5EE-4D92-B42F-BCFFBF9C9D4F}.Debug|Any CPU.ActiveCfg = Debug|Any CPU
		{8F2F35CB-D5EE-4D92-B42F-BCFFBF9C9D4F}.Debug|Any CPU.Build.0 = Debug|Any CPU
		{8F2F35CB-D5EE-4D92-B42F-BCFFBF9C9D4F}.Debug|x64.ActiveCfg = Debug|Any CPU
		{8F2F35CB-D5EE-4D92-B42F-BCFFBF9C9D4F}.Debug|x64.Build.0 = Debug|Any CPU
		{8F2F35CB-D5EE-4D92-B42F-BCFFBF9C9D4F}.Debug|x86.ActiveCfg = Debug|Any CPU
		{8F2F35CB-D5EE-4D92-B42F-BCFFBF9C9D4F}.Debug|x86.Build.0 = Debug|Any CPU
		{8F2F35CB-D5EE-4D92-B42F-BCFFBF9C9D4F}.Release|Any CPU.ActiveCfg = Release|Any CPU
		{8F2F35CB-D5EE-4D92-B42F-BCFFBF9C9D4F}.Release|Any CPU.Build.0 = Release|Any CPU
		{8F2F35CB-D5EE-4D92-B42F-BCFFBF9C9D4F}.Release|x64.ActiveCfg = Release|Any CPU
		{8F2F35CB-D5EE-4D92-B42F-BCFFBF9C9D4F}.Release|x64.Build.0 = Release|Any CPU
		{8F2F35CB-D5EE-4D92-B42F-BCFFBF9C9D4F}.Release|x86.ActiveCfg = Release|Any CPU
		{8F2F35CB-D5EE-4D92-B42F-BCFFBF9C9D4F}.Release|x86.Build.0 = Release|Any CPU
		{9525A4AA-6731-4AB2-8CD0-ADDF7940FE32}.Debug|Any CPU.ActiveCfg = Debug|Any CPU
		{9525A4AA-6731-4AB2-8CD0-ADDF7940FE32}.Debug|Any CPU.Build.0 = Debug|Any CPU
		{9525A4AA-6731-4AB2-8CD0-ADDF7940FE32}.Debug|x64.ActiveCfg = Debug|Any CPU
		{9525A4AA-6731-4AB2-8CD0-ADDF7940FE32}.Debug|x64.Build.0 = Debug|Any CPU
		{9525A4AA-6731-4AB2-8CD0-ADDF7940FE32}.Debug|x86.ActiveCfg = Debug|Any CPU
		{9525A4AA-6731-4AB2-8CD0-ADDF7940FE32}.Debug|x86.Build.0 = Debug|Any CPU
		{9525A4AA-6731-4AB2-8CD0-ADDF7940FE32}.Release|Any CPU.ActiveCfg = Release|Any CPU
		{9525A4AA-6731-4AB2-8CD0-ADDF7940FE32}.Release|Any CPU.Build.0 = Release|Any CPU
		{9525A4AA-6731-4AB2-8CD0-ADDF7940FE32}.Release|x64.ActiveCfg = Release|Any CPU
		{9525A4AA-6731-4AB2-8CD0-ADDF7940FE32}.Release|x64.Build.0 = Release|Any CPU
		{9525A4AA-6731-4AB2-8CD0-ADDF7940FE32}.Release|x86.ActiveCfg = Release|Any CPU
		{9525A4AA-6731-4AB2-8CD0-ADDF7940FE32}.Release|x86.Build.0 = Release|Any CPU
		{71283236-56CB-481E-A644-B7F9AF9EFDF9}.Debug|Any CPU.ActiveCfg = Debug|Any CPU
		{71283236-56CB-481E-A644-B7F9AF9EFDF9}.Debug|Any CPU.Build.0 = Debug|Any CPU
		{71283236-56CB-481E-A644-B7F9AF9EFDF9}.Debug|x64.ActiveCfg = Debug|Any CPU
		{71283236-56CB-481E-A644-B7F9AF9EFDF9}.Debug|x64.Build.0 = Debug|Any CPU
		{71283236-56CB-481E-A644-B7F9AF9EFDF9}.Debug|x86.ActiveCfg = Debug|Any CPU
		{71283236-56CB-481E-A644-B7F9AF9EFDF9}.Debug|x86.Build.0 = Debug|Any CPU
		{71283236-56CB-481E-A644-B7F9AF9EFDF9}.Release|Any CPU.ActiveCfg = Release|Any CPU
		{71283236-56CB-481E-A644-B7F9AF9EFDF9}.Release|Any CPU.Build.0 = Release|Any CPU
		{71283236-56CB-481E-A644-B7F9AF9EFDF9}.Release|x64.ActiveCfg = Release|Any CPU
		{71283236-56CB-481E-A644-B7F9AF9EFDF9}.Release|x64.Build.0 = Release|Any CPU
		{71283236-56CB-481E-A644-B7F9AF9EFDF9}.Release|x86.ActiveCfg = Release|Any CPU
		{71283236-56CB-481E-A644-B7F9AF9EFDF9}.Release|x86.Build.0 = Release|Any CPU
		{0B2B697D-DD20-4869-836C-08C848E1813F}.Debug|Any CPU.ActiveCfg = Debug|Any CPU
		{0B2B697D-DD20-4869-836C-08C848E1813F}.Debug|Any CPU.Build.0 = Debug|Any CPU
		{0B2B697D-DD20-4869-836C-08C848E1813F}.Debug|x64.ActiveCfg = Debug|Any CPU
		{0B2B697D-DD20-4869-836C-08C848E1813F}.Debug|x64.Build.0 = Debug|Any CPU
		{0B2B697D-DD20-4869-836C-08C848E1813F}.Debug|x86.ActiveCfg = Debug|Any CPU
		{0B2B697D-DD20-4869-836C-08C848E1813F}.Debug|x86.Build.0 = Debug|Any CPU
		{0B2B697D-DD20-4869-836C-08C848E1813F}.Release|Any CPU.ActiveCfg = Release|Any CPU
		{0B2B697D-DD20-4869-836C-08C848E1813F}.Release|Any CPU.Build.0 = Release|Any CPU
		{0B2B697D-DD20-4869-836C-08C848E1813F}.Release|x64.ActiveCfg = Release|Any CPU
		{0B2B697D-DD20-4869-836C-08C848E1813F}.Release|x64.Build.0 = Release|Any CPU
		{0B2B697D-DD20-4869-836C-08C848E1813F}.Release|x86.ActiveCfg = Release|Any CPU
		{0B2B697D-DD20-4869-836C-08C848E1813F}.Release|x86.Build.0 = Release|Any CPU
		{48F71FA4-BDA3-4B2D-BC07-9F24CB9A6FB5}.Debug|Any CPU.ActiveCfg = Debug|Any CPU
		{48F71FA4-BDA3-4B2D-BC07-9F24CB9A6FB5}.Debug|Any CPU.Build.0 = Debug|Any CPU
		{48F71FA4-BDA3-4B2D-BC07-9F24CB9A6FB5}.Debug|x64.ActiveCfg = Debug|Any CPU
		{48F71FA4-BDA3-4B2D-BC07-9F24CB9A6FB5}.Debug|x64.Build.0 = Debug|Any CPU
		{48F71FA4-BDA3-4B2D-BC07-9F24CB9A6FB5}.Debug|x86.ActiveCfg = Debug|Any CPU
		{48F71FA4-BDA3-4B2D-BC07-9F24CB9A6FB5}.Debug|x86.Build.0 = Debug|Any CPU
		{48F71FA4-BDA3-4B2D-BC07-9F24CB9A6FB5}.Release|Any CPU.ActiveCfg = Release|Any CPU
		{48F71FA4-BDA3-4B2D-BC07-9F24CB9A6FB5}.Release|Any CPU.Build.0 = Release|Any CPU
		{48F71FA4-BDA3-4B2D-BC07-9F24CB9A6FB5}.Release|x64.ActiveCfg = Release|Any CPU
		{48F71FA4-BDA3-4B2D-BC07-9F24CB9A6FB5}.Release|x64.Build.0 = Release|Any CPU
		{48F71FA4-BDA3-4B2D-BC07-9F24CB9A6FB5}.Release|x86.ActiveCfg = Release|Any CPU
		{48F71FA4-BDA3-4B2D-BC07-9F24CB9A6FB5}.Release|x86.Build.0 = Release|Any CPU
		{B8B6A5BD-5349-4114-B93C-C1A3FD028F66}.Debug|Any CPU.ActiveCfg = Debug|Any CPU
		{B8B6A5BD-5349-4114-B93C-C1A3FD028F66}.Debug|Any CPU.Build.0 = Debug|Any CPU
		{B8B6A5BD-5349-4114-B93C-C1A3FD028F66}.Debug|x64.ActiveCfg = Debug|Any CPU
		{B8B6A5BD-5349-4114-B93C-C1A3FD028F66}.Debug|x64.Build.0 = Debug|Any CPU
		{B8B6A5BD-5349-4114-B93C-C1A3FD028F66}.Debug|x86.ActiveCfg = Debug|Any CPU
		{B8B6A5BD-5349-4114-B93C-C1A3FD028F66}.Debug|x86.Build.0 = Debug|Any CPU
		{B8B6A5BD-5349-4114-B93C-C1A3FD028F66}.Release|Any CPU.ActiveCfg = Release|Any CPU
		{B8B6A5BD-5349-4114-B93C-C1A3FD028F66}.Release|Any CPU.Build.0 = Release|Any CPU
		{B8B6A5BD-5349-4114-B93C-C1A3FD028F66}.Release|x64.ActiveCfg = Release|Any CPU
		{B8B6A5BD-5349-4114-B93C-C1A3FD028F66}.Release|x64.Build.0 = Release|Any CPU
		{B8B6A5BD-5349-4114-B93C-C1A3FD028F66}.Release|x86.ActiveCfg = Release|Any CPU
		{B8B6A5BD-5349-4114-B93C-C1A3FD028F66}.Release|x86.Build.0 = Release|Any CPU
		{8F5633D0-ADF1-4623-9BB0-2BEC910DFB45}.Debug|Any CPU.ActiveCfg = Debug|Any CPU
		{8F5633D0-ADF1-4623-9BB0-2BEC910DFB45}.Debug|Any CPU.Build.0 = Debug|Any CPU
		{8F5633D0-ADF1-4623-9BB0-2BEC910DFB45}.Debug|x64.ActiveCfg = Debug|Any CPU
		{8F5633D0-ADF1-4623-9BB0-2BEC910DFB45}.Debug|x64.Build.0 = Debug|Any CPU
		{8F5633D0-ADF1-4623-9BB0-2BEC910DFB45}.Debug|x86.ActiveCfg = Debug|Any CPU
		{8F5633D0-ADF1-4623-9BB0-2BEC910DFB45}.Debug|x86.Build.0 = Debug|Any CPU
		{8F5633D0-ADF1-4623-9BB0-2BEC910DFB45}.Release|Any CPU.ActiveCfg = Release|Any CPU
		{8F5633D0-ADF1-4623-9BB0-2BEC910DFB45}.Release|Any CPU.Build.0 = Release|Any CPU
		{8F5633D0-ADF1-4623-9BB0-2BEC910DFB45}.Release|x64.ActiveCfg = Release|Any CPU
		{8F5633D0-ADF1-4623-9BB0-2BEC910DFB45}.Release|x64.Build.0 = Release|Any CPU
		{8F5633D0-ADF1-4623-9BB0-2BEC910DFB45}.Release|x86.ActiveCfg = Release|Any CPU
		{8F5633D0-ADF1-4623-9BB0-2BEC910DFB45}.Release|x86.Build.0 = Release|Any CPU
		{218F5344-00FC-4428-82CE-7C4B79F04A4F}.Debug|Any CPU.ActiveCfg = Debug|Any CPU
		{218F5344-00FC-4428-82CE-7C4B79F04A4F}.Debug|Any CPU.Build.0 = Debug|Any CPU
		{218F5344-00FC-4428-82CE-7C4B79F04A4F}.Debug|x64.ActiveCfg = Debug|Any CPU
		{218F5344-00FC-4428-82CE-7C4B79F04A4F}.Debug|x64.Build.0 = Debug|Any CPU
		{218F5344-00FC-4428-82CE-7C4B79F04A4F}.Debug|x86.ActiveCfg = Debug|Any CPU
		{218F5344-00FC-4428-82CE-7C4B79F04A4F}.Debug|x86.Build.0 = Debug|Any CPU
		{218F5344-00FC-4428-82CE-7C4B79F04A4F}.Release|Any CPU.ActiveCfg = Release|Any CPU
		{218F5344-00FC-4428-82CE-7C4B79F04A4F}.Release|Any CPU.Build.0 = Release|Any CPU
		{218F5344-00FC-4428-82CE-7C4B79F04A4F}.Release|x64.ActiveCfg = Release|Any CPU
		{218F5344-00FC-4428-82CE-7C4B79F04A4F}.Release|x64.Build.0 = Release|Any CPU
		{218F5344-00FC-4428-82CE-7C4B79F04A4F}.Release|x86.ActiveCfg = Release|Any CPU
		{218F5344-00FC-4428-82CE-7C4B79F04A4F}.Release|x86.Build.0 = Release|Any CPU
		{3547C677-4535-40BF-8185-F990C8B0D00F}.Debug|Any CPU.ActiveCfg = Debug|Any CPU
		{3547C677-4535-40BF-8185-F990C8B0D00F}.Debug|Any CPU.Build.0 = Debug|Any CPU
		{3547C677-4535-40BF-8185-F990C8B0D00F}.Debug|x64.ActiveCfg = Debug|Any CPU
		{3547C677-4535-40BF-8185-F990C8B0D00F}.Debug|x64.Build.0 = Debug|Any CPU
		{3547C677-4535-40BF-8185-F990C8B0D00F}.Debug|x86.ActiveCfg = Debug|Any CPU
		{3547C677-4535-40BF-8185-F990C8B0D00F}.Debug|x86.Build.0 = Debug|Any CPU
		{3547C677-4535-40BF-8185-F990C8B0D00F}.Release|Any CPU.ActiveCfg = Release|Any CPU
		{3547C677-4535-40BF-8185-F990C8B0D00F}.Release|Any CPU.Build.0 = Release|Any CPU
		{3547C677-4535-40BF-8185-F990C8B0D00F}.Release|x64.ActiveCfg = Release|Any CPU
		{3547C677-4535-40BF-8185-F990C8B0D00F}.Release|x64.Build.0 = Release|Any CPU
		{3547C677-4535-40BF-8185-F990C8B0D00F}.Release|x86.ActiveCfg = Release|Any CPU
		{3547C677-4535-40BF-8185-F990C8B0D00F}.Release|x86.Build.0 = Release|Any CPU
		{AADC0657-20B4-4879-82F0-BFE031739817}.Debug|Any CPU.ActiveCfg = Debug|Any CPU
		{AADC0657-20B4-4879-82F0-BFE031739817}.Debug|Any CPU.Build.0 = Debug|Any CPU
		{AADC0657-20B4-4879-82F0-BFE031739817}.Debug|x64.ActiveCfg = Debug|Any CPU
		{AADC0657-20B4-4879-82F0-BFE031739817}.Debug|x64.Build.0 = Debug|Any CPU
		{AADC0657-20B4-4879-82F0-BFE031739817}.Debug|x86.ActiveCfg = Debug|Any CPU
		{AADC0657-20B4-4879-82F0-BFE031739817}.Debug|x86.Build.0 = Debug|Any CPU
		{AADC0657-20B4-4879-82F0-BFE031739817}.Release|Any CPU.ActiveCfg = Release|Any CPU
		{AADC0657-20B4-4879-82F0-BFE031739817}.Release|Any CPU.Build.0 = Release|Any CPU
		{AADC0657-20B4-4879-82F0-BFE031739817}.Release|x64.ActiveCfg = Release|Any CPU
		{AADC0657-20B4-4879-82F0-BFE031739817}.Release|x64.Build.0 = Release|Any CPU
		{AADC0657-20B4-4879-82F0-BFE031739817}.Release|x86.ActiveCfg = Release|Any CPU
		{AADC0657-20B4-4879-82F0-BFE031739817}.Release|x86.Build.0 = Release|Any CPU
	EndGlobalSection
	GlobalSection(SolutionProperties) = preSolution
		HideSolutionNode = FALSE
	EndGlobalSection
	GlobalSection(NestedProjects) = preSolution
		{97E36F9B-145B-41DB-B6CF-E054B010869E} = {A86A6BBD-1122-4993-B472-6A0265E5F2A1}
		{8D061D46-9E59-42B0-91DC-4E380E4AE0BA} = {FBA5D1FE-11EA-4FAE-B88F-7E2E809419C9}
		{61FB6C20-4541-40D1-AC4B-3ECDACF5F633} = {9328FEED-6E95-4863-BB7B-521D0D02D7FA}
		{866F8FE0-EE58-4D38-8BE7-CBDD19DD1B40} = {D0952F11-B4B6-4AD4-8F72-C35BD6A33D59}
		{7EFE8058-F772-40EB-8E12-6E88E2A9E19A} = {FBA5D1FE-11EA-4FAE-B88F-7E2E809419C9}
		{3C91F949-5187-4CDF-9A5B-AA3C20F7544B} = {9328FEED-6E95-4863-BB7B-521D0D02D7FA}
		{8F2F35CB-D5EE-4D92-B42F-BCFFBF9C9D4F} = {5E72F9F6-8DB0-4727-92F3-D05A3CC0348E}
		{9525A4AA-6731-4AB2-8CD0-ADDF7940FE32} = {5E72F9F6-8DB0-4727-92F3-D05A3CC0348E}
		{71283236-56CB-481E-A644-B7F9AF9EFDF9} = {9328FEED-6E95-4863-BB7B-521D0D02D7FA}
		{0B2B697D-DD20-4869-836C-08C848E1813F} = {9328FEED-6E95-4863-BB7B-521D0D02D7FA}
		{48F71FA4-BDA3-4B2D-BC07-9F24CB9A6FB5} = {5E72F9F6-8DB0-4727-92F3-D05A3CC0348E}
		{B8B6A5BD-5349-4114-B93C-C1A3FD028F66} = {04BD2EEA-6BA3-47AD-A7F4-67D54E304498}
		{8F5633D0-ADF1-4623-9BB0-2BEC910DFB45} = {A86A6BBD-1122-4993-B472-6A0265E5F2A1}
		{218F5344-00FC-4428-82CE-7C4B79F04A4F} = {A86A6BBD-1122-4993-B472-6A0265E5F2A1}
		{3547C677-4535-40BF-8185-F990C8B0D00F} = {5E72F9F6-8DB0-4727-92F3-D05A3CC0348E}
		{AADC0657-20B4-4879-82F0-BFE031739817} = {5E72F9F6-8DB0-4727-92F3-D05A3CC0348E}
	EndGlobalSection
	GlobalSection(ExtensibilityGlobals) = postSolution
		SolutionGuid = {A0BD3F74-AC23-4649-932F-ECB61CF9EED6}
	EndGlobalSection
EndGlobal
