
Microsoft Visual Studio Solution File, Format Version 12.00
# Visual Studio Version 16
VisualStudioVersion = 16.0.28803.352
MinimumVisualStudioVersion = 10.0.40219.1
Project("{FAE04EC0-301F-11D3-BF4B-00C04F79EFBC}") = "SiMay.RemoteMonitor", "SiMay.RemoteMonitor\SiMay.RemoteMonitor.csproj", "{97E36F9B-145B-41DB-B6CF-E054B010869E}"
EndProject
Project("{FAE04EC0-301F-11D3-BF4B-00C04F79EFBC}") = "SiMay.Core", "SiMay.Core\SiMay.Core.csproj", "{1AADC6F7-6FF9-4C68-8A26-E507F22B9060}"
EndProject
Project("{FAE04EC0-301F-11D3-BF4B-00C04F79EFBC}") = "SiMay.Daemon", "SiMay.Daemon\SiMay.Daemon.csproj", "{77867DE2-193E-4533-B365-31CEF16A876B}"
EndProject
Project("{FAE04EC0-301F-11D3-BF4B-00C04F79EFBC}") = "SiMay.UpdateClient", "SiMay.UpdateClient\SiMay.UpdateClient.csproj", "{76E07A4F-8839-4260-925A-3179DB1C6045}"
EndProject
Project("{FAE04EC0-301F-11D3-BF4B-00C04F79EFBC}") = "SiMay.ServiceCore", "SiMay.RemoteClient.NewCore\SiMay.ServiceCore.csproj", "{8D061D46-9E59-42B0-91DC-4E380E4AE0BA}"
EndProject
Project("{FAE04EC0-301F-11D3-BF4B-00C04F79EFBC}") = "SiMay.Sockets.V4", "SiMay.Sockets.V4\SiMay.Sockets.V4.csproj", "{D181FCCE-ECC7-4710-89CC-D97F94A6181B}"
EndProject
Project("{FAE04EC0-301F-11D3-BF4B-00C04F79EFBC}") = "SiMay.Net.SessionProvider", "SiMay.Net.SessionProvider\SiMay.Net.SessionProvider.csproj", "{BF5B6F41-D688-447F-BF81-EA821216F188}"
EndProject
Project("{FAE04EC0-301F-11D3-BF4B-00C04F79EFBC}") = "SiMay.Net.SessionProviderService", "SiMay.Net.SessionProviderService\SiMay.Net.SessionProviderService.csproj", "{61FB6C20-4541-40D1-AC4B-3ECDACF5F633}"
EndProject
Project("{FAE04EC0-301F-11D3-BF4B-00C04F79EFBC}") = "SiMay.Net.HttpRemoteMonitorService", "SiMay.Net.HttpRemoteMonitorService\SiMay.Net.HttpRemoteMonitorService.csproj", "{3D24108A-C922-4BAB-9D2B-060480B7A46C}"
EndProject
Project("{FAE04EC0-301F-11D3-BF4B-00C04F79EFBC}") = "SiMay.Net.SessionProvider.Core", "SiMay.Net.SessionProvider.Core\SiMay.Net.SessionProvider.Core.csproj", "{8BFDB408-D26D-4689-B426-BE45AD195880}"
EndProject
Project("{FAE04EC0-301F-11D3-BF4B-00C04F79EFBC}") = "SiMay.Basic", "SiMay.Basic\SiMay.Basic.csproj", "{B30CD716-698A-4DA2-BD1A-C152B16993C0}"
EndProject
Project("{2150E333-8FDC-42A3-9474-1A3956D46DE8}") = "SiMay.RemoteService", "SiMay.RemoteService", "{FBA5D1FE-11EA-4FAE-B88F-7E2E809419C9}"
EndProject
Project("{2150E333-8FDC-42A3-9474-1A3956D46DE8}") = "SiMay.RemoteMonitor.Windows", "SiMay.RemoteMonitor.Windows", "{A86A6BBD-1122-4993-B472-6A0265E5F2A1}"
EndProject
Project("{2150E333-8FDC-42A3-9474-1A3956D46DE8}") = "SiMay.Common.Core", "SiMay.Common.Core", "{5E72F9F6-8DB0-4727-92F3-D05A3CC0348E}"
EndProject
Project("{2150E333-8FDC-42A3-9474-1A3956D46DE8}") = "SiMay.Sockets", "SiMay.Sockets", "{D0952F11-B4B6-4AD4-8F72-C35BD6A33D59}"
EndProject
Project("{2150E333-8FDC-42A3-9474-1A3956D46DE8}") = "SiMay.Web.MonitorService", "SiMay.Web.MonitorService", "{ED3E9905-4EBF-4D77-8354-5A7D315C28C2}"
EndProject
Project("{2150E333-8FDC-42A3-9474-1A3956D46DE8}") = "SiMay.SessionProvider", "SiMay.SessionProvider", "{9328FEED-6E95-4863-BB7B-521D0D02D7FA}"
EndProject
Project("{FAE04EC0-301F-11D3-BF4B-00C04F79EFBC}") = "SiMay.Serialize", "SiMay.Serialize\SiMay.Serialize.csproj", "{4888D6BB-46D9-4519-8758-E13E397AA226}"
EndProject
Project("{FAE04EC0-301F-11D3-BF4B-00C04F79EFBC}") = "SiMay.RemoteService", "SiMay.RemoteService\SiMay.RemoteService.csproj", "{7EFE8058-F772-40EB-8E12-6E88E2A9E19A}"
EndProject
Project("{FAE04EC0-301F-11D3-BF4B-00C04F79EFBC}") = "SiMay.RemoteControlsCore", "SiMay.RemoteControlsCore\SiMay.RemoteControlsCore.csproj", "{44DFA13C-03C3-4F07-9D78-30F981BFABC5}"
EndProject
Global
	GlobalSection(SolutionConfigurationPlatforms) = preSolution
		Debug|Any CPU = Debug|Any CPU
		Debug|x64 = Debug|x64
		Debug|x86 = Debug|x86
		Release|Any CPU = Release|Any CPU
		Release|x64 = Release|x64
		Release|x86 = Release|x86
	EndGlobalSection
	GlobalSection(ProjectConfigurationPlatforms) = postSolution
		{97E36F9B-145B-41DB-B6CF-E054B010869E}.Debug|Any CPU.ActiveCfg = Debug|Any CPU
		{97E36F9B-145B-41DB-B6CF-E054B010869E}.Debug|Any CPU.Build.0 = Debug|Any CPU
		{97E36F9B-145B-41DB-B6CF-E054B010869E}.Debug|Any CPU.Deploy.0 = Debug|Any CPU
		{97E36F9B-145B-41DB-B6CF-E054B010869E}.Debug|x64.ActiveCfg = Debug|Any CPU
		{97E36F9B-145B-41DB-B6CF-E054B010869E}.Debug|x64.Build.0 = Debug|Any CPU
		{97E36F9B-145B-41DB-B6CF-E054B010869E}.Debug|x86.ActiveCfg = Debug|x86
		{97E36F9B-145B-41DB-B6CF-E054B010869E}.Debug|x86.Build.0 = Debug|x86
		{97E36F9B-145B-41DB-B6CF-E054B010869E}.Release|Any CPU.ActiveCfg = Release|Any CPU
		{97E36F9B-145B-41DB-B6CF-E054B010869E}.Release|Any CPU.Build.0 = Release|Any CPU
		{97E36F9B-145B-41DB-B6CF-E054B010869E}.Release|x64.ActiveCfg = Release|Any CPU
		{97E36F9B-145B-41DB-B6CF-E054B010869E}.Release|x64.Build.0 = Release|Any CPU
		{97E36F9B-145B-41DB-B6CF-E054B010869E}.Release|x86.ActiveCfg = Release|x86
		{97E36F9B-145B-41DB-B6CF-E054B010869E}.Release|x86.Build.0 = Release|x86
		{1AADC6F7-6FF9-4C68-8A26-E507F22B9060}.Debug|Any CPU.ActiveCfg = Debug|Any CPU
		{1AADC6F7-6FF9-4C68-8A26-E507F22B9060}.Debug|Any CPU.Build.0 = Debug|Any CPU
		{1AADC6F7-6FF9-4C68-8A26-E507F22B9060}.Debug|x64.ActiveCfg = Debug|Any CPU
		{1AADC6F7-6FF9-4C68-8A26-E507F22B9060}.Debug|x64.Build.0 = Debug|Any CPU
		{1AADC6F7-6FF9-4C68-8A26-E507F22B9060}.Debug|x86.ActiveCfg = Debug|Any CPU
		{1AADC6F7-6FF9-4C68-8A26-E507F22B9060}.Debug|x86.Build.0 = Debug|Any CPU
		{1AADC6F7-6FF9-4C68-8A26-E507F22B9060}.Release|Any CPU.ActiveCfg = Release|Any CPU
		{1AADC6F7-6FF9-4C68-8A26-E507F22B9060}.Release|Any CPU.Build.0 = Release|Any CPU
		{1AADC6F7-6FF9-4C68-8A26-E507F22B9060}.Release|x64.ActiveCfg = Release|Any CPU
		{1AADC6F7-6FF9-4C68-8A26-E507F22B9060}.Release|x64.Build.0 = Release|Any CPU
		{1AADC6F7-6FF9-4C68-8A26-E507F22B9060}.Release|x86.ActiveCfg = Release|Any CPU
		{1AADC6F7-6FF9-4C68-8A26-E507F22B9060}.Release|x86.Build.0 = Release|Any CPU
		{77867DE2-193E-4533-B365-31CEF16A876B}.Debug|Any CPU.ActiveCfg = Debug|Any CPU
		{77867DE2-193E-4533-B365-31CEF16A876B}.Debug|Any CPU.Build.0 = Debug|Any CPU
		{77867DE2-193E-4533-B365-31CEF16A876B}.Debug|x64.ActiveCfg = Debug|Any CPU
		{77867DE2-193E-4533-B365-31CEF16A876B}.Debug|x64.Build.0 = Debug|Any CPU
		{77867DE2-193E-4533-B365-31CEF16A876B}.Debug|x86.ActiveCfg = Debug|Any CPU
		{77867DE2-193E-4533-B365-31CEF16A876B}.Debug|x86.Build.0 = Debug|Any CPU
		{77867DE2-193E-4533-B365-31CEF16A876B}.Release|Any CPU.ActiveCfg = Release|Any CPU
		{77867DE2-193E-4533-B365-31CEF16A876B}.Release|Any CPU.Build.0 = Release|Any CPU
		{77867DE2-193E-4533-B365-31CEF16A876B}.Release|x64.ActiveCfg = Release|Any CPU
		{77867DE2-193E-4533-B365-31CEF16A876B}.Release|x64.Build.0 = Release|Any CPU
		{77867DE2-193E-4533-B365-31CEF16A876B}.Release|x86.ActiveCfg = Release|Any CPU
		{77867DE2-193E-4533-B365-31CEF16A876B}.Release|x86.Build.0 = Release|Any CPU
		{76E07A4F-8839-4260-925A-3179DB1C6045}.Debug|Any CPU.ActiveCfg = Debug|Any CPU
		{76E07A4F-8839-4260-925A-3179DB1C6045}.Debug|Any CPU.Build.0 = Debug|Any CPU
		{76E07A4F-8839-4260-925A-3179DB1C6045}.Debug|x64.ActiveCfg = Debug|Any CPU
		{76E07A4F-8839-4260-925A-3179DB1C6045}.Debug|x64.Build.0 = Debug|Any CPU
		{76E07A4F-8839-4260-925A-3179DB1C6045}.Debug|x86.ActiveCfg = Debug|Any CPU
		{76E07A4F-8839-4260-925A-3179DB1C6045}.Debug|x86.Build.0 = Debug|Any CPU
		{76E07A4F-8839-4260-925A-3179DB1C6045}.Release|Any CPU.ActiveCfg = Release|Any CPU
		{76E07A4F-8839-4260-925A-3179DB1C6045}.Release|Any CPU.Build.0 = Release|Any CPU
		{76E07A4F-8839-4260-925A-3179DB1C6045}.Release|x64.ActiveCfg = Release|Any CPU
		{76E07A4F-8839-4260-925A-3179DB1C6045}.Release|x64.Build.0 = Release|Any CPU
		{76E07A4F-8839-4260-925A-3179DB1C6045}.Release|x86.ActiveCfg = Release|Any CPU
		{76E07A4F-8839-4260-925A-3179DB1C6045}.Release|x86.Build.0 = Release|Any CPU
		{8D061D46-9E59-42B0-91DC-4E380E4AE0BA}.Debug|Any CPU.ActiveCfg = Debug|Any CPU
		{8D061D46-9E59-42B0-91DC-4E380E4AE0BA}.Debug|Any CPU.Build.0 = Debug|Any CPU
		{8D061D46-9E59-42B0-91DC-4E380E4AE0BA}.Debug|x64.ActiveCfg = Debug|x64
		{8D061D46-9E59-42B0-91DC-4E380E4AE0BA}.Debug|x64.Build.0 = Debug|x64
		{8D061D46-9E59-42B0-91DC-4E380E4AE0BA}.Debug|x86.ActiveCfg = Debug|Any CPU
		{8D061D46-9E59-42B0-91DC-4E380E4AE0BA}.Debug|x86.Build.0 = Debug|Any CPU
		{8D061D46-9E59-42B0-91DC-4E380E4AE0BA}.Release|Any CPU.ActiveCfg = Release|Any CPU
		{8D061D46-9E59-42B0-91DC-4E380E4AE0BA}.Release|Any CPU.Build.0 = Release|Any CPU
		{8D061D46-9E59-42B0-91DC-4E380E4AE0BA}.Release|x64.ActiveCfg = Release|x64
		{8D061D46-9E59-42B0-91DC-4E380E4AE0BA}.Release|x64.Build.0 = Release|x64
		{8D061D46-9E59-42B0-91DC-4E380E4AE0BA}.Release|x86.ActiveCfg = Release|Any CPU
		{8D061D46-9E59-42B0-91DC-4E380E4AE0BA}.Release|x86.Build.0 = Release|Any CPU
		{D181FCCE-ECC7-4710-89CC-D97F94A6181B}.Debug|Any CPU.ActiveCfg = Debug|Any CPU
		{D181FCCE-ECC7-4710-89CC-D97F94A6181B}.Debug|Any CPU.Build.0 = Debug|Any CPU
		{D181FCCE-ECC7-4710-89CC-D97F94A6181B}.Debug|x64.ActiveCfg = Debug|Any CPU
		{D181FCCE-ECC7-4710-89CC-D97F94A6181B}.Debug|x64.Build.0 = Debug|Any CPU
		{D181FCCE-ECC7-4710-89CC-D97F94A6181B}.Debug|x86.ActiveCfg = Debug|Any CPU
		{D181FCCE-ECC7-4710-89CC-D97F94A6181B}.Debug|x86.Build.0 = Debug|Any CPU
		{D181FCCE-ECC7-4710-89CC-D97F94A6181B}.Release|Any CPU.ActiveCfg = Release|Any CPU
		{D181FCCE-ECC7-4710-89CC-D97F94A6181B}.Release|Any CPU.Build.0 = Release|Any CPU
		{D181FCCE-ECC7-4710-89CC-D97F94A6181B}.Release|x64.ActiveCfg = Release|Any CPU
		{D181FCCE-ECC7-4710-89CC-D97F94A6181B}.Release|x64.Build.0 = Release|Any CPU
		{D181FCCE-ECC7-4710-89CC-D97F94A6181B}.Release|x86.ActiveCfg = Release|Any CPU
		{D181FCCE-ECC7-4710-89CC-D97F94A6181B}.Release|x86.Build.0 = Release|Any CPU
		{BF5B6F41-D688-447F-BF81-EA821216F188}.Debug|Any CPU.ActiveCfg = Debug|Any CPU
		{BF5B6F41-D688-447F-BF81-EA821216F188}.Debug|Any CPU.Build.0 = Debug|Any CPU
		{BF5B6F41-D688-447F-BF81-EA821216F188}.Debug|x64.ActiveCfg = Debug|Any CPU
		{BF5B6F41-D688-447F-BF81-EA821216F188}.Debug|x64.Build.0 = Debug|Any CPU
		{BF5B6F41-D688-447F-BF81-EA821216F188}.Debug|x86.ActiveCfg = Debug|Any CPU
		{BF5B6F41-D688-447F-BF81-EA821216F188}.Debug|x86.Build.0 = Debug|Any CPU
		{BF5B6F41-D688-447F-BF81-EA821216F188}.Release|Any CPU.ActiveCfg = Release|Any CPU
		{BF5B6F41-D688-447F-BF81-EA821216F188}.Release|Any CPU.Build.0 = Release|Any CPU
		{BF5B6F41-D688-447F-BF81-EA821216F188}.Release|x64.ActiveCfg = Release|Any CPU
		{BF5B6F41-D688-447F-BF81-EA821216F188}.Release|x64.Build.0 = Release|Any CPU
		{BF5B6F41-D688-447F-BF81-EA821216F188}.Release|x86.ActiveCfg = Release|Any CPU
		{BF5B6F41-D688-447F-BF81-EA821216F188}.Release|x86.Build.0 = Release|Any CPU
		{61FB6C20-4541-40D1-AC4B-3ECDACF5F633}.Debug|Any CPU.ActiveCfg = Debug|Any CPU
		{61FB6C20-4541-40D1-AC4B-3ECDACF5F633}.Debug|Any CPU.Build.0 = Debug|Any CPU
		{61FB6C20-4541-40D1-AC4B-3ECDACF5F633}.Debug|x64.ActiveCfg = Debug|Any CPU
		{61FB6C20-4541-40D1-AC4B-3ECDACF5F633}.Debug|x64.Build.0 = Debug|Any CPU
		{61FB6C20-4541-40D1-AC4B-3ECDACF5F633}.Debug|x86.ActiveCfg = Debug|Any CPU
		{61FB6C20-4541-40D1-AC4B-3ECDACF5F633}.Debug|x86.Build.0 = Debug|Any CPU
		{61FB6C20-4541-40D1-AC4B-3ECDACF5F633}.Release|Any CPU.ActiveCfg = Release|Any CPU
		{61FB6C20-4541-40D1-AC4B-3ECDACF5F633}.Release|Any CPU.Build.0 = Release|Any CPU
		{61FB6C20-4541-40D1-AC4B-3ECDACF5F633}.Release|x64.ActiveCfg = Release|Any CPU
		{61FB6C20-4541-40D1-AC4B-3ECDACF5F633}.Release|x64.Build.0 = Release|Any CPU
		{61FB6C20-4541-40D1-AC4B-3ECDACF5F633}.Release|x86.ActiveCfg = Release|Any CPU
		{61FB6C20-4541-40D1-AC4B-3ECDACF5F633}.Release|x86.Build.0 = Release|Any CPU
		{3D24108A-C922-4BAB-9D2B-060480B7A46C}.Debug|Any CPU.ActiveCfg = Debug|Any CPU
		{3D24108A-C922-4BAB-9D2B-060480B7A46C}.Debug|Any CPU.Build.0 = Debug|Any CPU
		{3D24108A-C922-4BAB-9D2B-060480B7A46C}.Debug|x64.ActiveCfg = Debug|Any CPU
		{3D24108A-C922-4BAB-9D2B-060480B7A46C}.Debug|x64.Build.0 = Debug|Any CPU
		{3D24108A-C922-4BAB-9D2B-060480B7A46C}.Debug|x86.ActiveCfg = Debug|Any CPU
		{3D24108A-C922-4BAB-9D2B-060480B7A46C}.Debug|x86.Build.0 = Debug|Any CPU
		{3D24108A-C922-4BAB-9D2B-060480B7A46C}.Release|Any CPU.ActiveCfg = Release|Any CPU
		{3D24108A-C922-4BAB-9D2B-060480B7A46C}.Release|Any CPU.Build.0 = Release|Any CPU
		{3D24108A-C922-4BAB-9D2B-060480B7A46C}.Release|x64.ActiveCfg = Release|Any CPU
		{3D24108A-C922-4BAB-9D2B-060480B7A46C}.Release|x64.Build.0 = Release|Any CPU
		{3D24108A-C922-4BAB-9D2B-060480B7A46C}.Release|x86.ActiveCfg = Release|Any CPU
		{3D24108A-C922-4BAB-9D2B-060480B7A46C}.Release|x86.Build.0 = Release|Any CPU
		{8BFDB408-D26D-4689-B426-BE45AD195880}.Debug|Any CPU.ActiveCfg = Debug|Any CPU
		{8BFDB408-D26D-4689-B426-BE45AD195880}.Debug|Any CPU.Build.0 = Debug|Any CPU
		{8BFDB408-D26D-4689-B426-BE45AD195880}.Debug|x64.ActiveCfg = Debug|Any CPU
		{8BFDB408-D26D-4689-B426-BE45AD195880}.Debug|x64.Build.0 = Debug|Any CPU
		{8BFDB408-D26D-4689-B426-BE45AD195880}.Debug|x86.ActiveCfg = Debug|Any CPU
		{8BFDB408-D26D-4689-B426-BE45AD195880}.Debug|x86.Build.0 = Debug|Any CPU
		{8BFDB408-D26D-4689-B426-BE45AD195880}.Release|Any CPU.ActiveCfg = Release|Any CPU
		{8BFDB408-D26D-4689-B426-BE45AD195880}.Release|Any CPU.Build.0 = Release|Any CPU
		{8BFDB408-D26D-4689-B426-BE45AD195880}.Release|x64.ActiveCfg = Release|Any CPU
		{8BFDB408-D26D-4689-B426-BE45AD195880}.Release|x64.Build.0 = Release|Any CPU
		{8BFDB408-D26D-4689-B426-BE45AD195880}.Release|x86.ActiveCfg = Release|Any CPU
		{8BFDB408-D26D-4689-B426-BE45AD195880}.Release|x86.Build.0 = Release|Any CPU
		{B30CD716-698A-4DA2-BD1A-C152B16993C0}.Debug|Any CPU.ActiveCfg = Debug|Any CPU
		{B30CD716-698A-4DA2-BD1A-C152B16993C0}.Debug|Any CPU.Build.0 = Debug|Any CPU
		{B30CD716-698A-4DA2-BD1A-C152B16993C0}.Debug|x64.ActiveCfg = Debug|Any CPU
		{B30CD716-698A-4DA2-BD1A-C152B16993C0}.Debug|x64.Build.0 = Debug|Any CPU
		{B30CD716-698A-4DA2-BD1A-C152B16993C0}.Debug|x86.ActiveCfg = Debug|Any CPU
		{B30CD716-698A-4DA2-BD1A-C152B16993C0}.Debug|x86.Build.0 = Debug|Any CPU
		{B30CD716-698A-4DA2-BD1A-C152B16993C0}.Release|Any CPU.ActiveCfg = Release|Any CPU
		{B30CD716-698A-4DA2-BD1A-C152B16993C0}.Release|Any CPU.Build.0 = Release|Any CPU
		{B30CD716-698A-4DA2-BD1A-C152B16993C0}.Release|x64.ActiveCfg = Release|Any CPU
		{B30CD716-698A-4DA2-BD1A-C152B16993C0}.Release|x64.Build.0 = Release|Any CPU
		{B30CD716-698A-4DA2-BD1A-C152B16993C0}.Release|x86.ActiveCfg = Release|Any CPU
		{B30CD716-698A-4DA2-BD1A-C152B16993C0}.Release|x86.Build.0 = Release|Any CPU
		{4888D6BB-46D9-4519-8758-E13E397AA226}.Debug|Any CPU.ActiveCfg = Debug|Any CPU
		{4888D6BB-46D9-4519-8758-E13E397AA226}.Debug|Any CPU.Build.0 = Debug|Any CPU
		{4888D6BB-46D9-4519-8758-E13E397AA226}.Debug|x64.ActiveCfg = Debug|Any CPU
		{4888D6BB-46D9-4519-8758-E13E397AA226}.Debug|x64.Build.0 = Debug|Any CPU
		{4888D6BB-46D9-4519-8758-E13E397AA226}.Debug|x86.ActiveCfg = Debug|Any CPU
		{4888D6BB-46D9-4519-8758-E13E397AA226}.Debug|x86.Build.0 = Debug|Any CPU
		{4888D6BB-46D9-4519-8758-E13E397AA226}.Release|Any CPU.ActiveCfg = Release|Any CPU
		{4888D6BB-46D9-4519-8758-E13E397AA226}.Release|Any CPU.Build.0 = Release|Any CPU
		{4888D6BB-46D9-4519-8758-E13E397AA226}.Release|x64.ActiveCfg = Release|Any CPU
		{4888D6BB-46D9-4519-8758-E13E397AA226}.Release|x64.Build.0 = Release|Any CPU
		{4888D6BB-46D9-4519-8758-E13E397AA226}.Release|x86.ActiveCfg = Release|Any CPU
		{4888D6BB-46D9-4519-8758-E13E397AA226}.Release|x86.Build.0 = Release|Any CPU
		{7EFE8058-F772-40EB-8E12-6E88E2A9E19A}.Debug|Any CPU.ActiveCfg = Debug|Any CPU
		{7EFE8058-F772-40EB-8E12-6E88E2A9E19A}.Debug|Any CPU.Build.0 = Debug|Any CPU
		{7EFE8058-F772-40EB-8E12-6E88E2A9E19A}.Debug|x64.ActiveCfg = Debug|Any CPU
		{7EFE8058-F772-40EB-8E12-6E88E2A9E19A}.Debug|x64.Build.0 = Debug|Any CPU
		{7EFE8058-F772-40EB-8E12-6E88E2A9E19A}.Debug|x86.ActiveCfg = Debug|Any CPU
		{7EFE8058-F772-40EB-8E12-6E88E2A9E19A}.Debug|x86.Build.0 = Debug|Any CPU
		{7EFE8058-F772-40EB-8E12-6E88E2A9E19A}.Release|Any CPU.ActiveCfg = Release|Any CPU
		{7EFE8058-F772-40EB-8E12-6E88E2A9E19A}.Release|Any CPU.Build.0 = Release|Any CPU
		{7EFE8058-F772-40EB-8E12-6E88E2A9E19A}.Release|x64.ActiveCfg = Release|Any CPU
		{7EFE8058-F772-40EB-8E12-6E88E2A9E19A}.Release|x64.Build.0 = Release|Any CPU
		{7EFE8058-F772-40EB-8E12-6E88E2A9E19A}.Release|x86.ActiveCfg = Release|Any CPU
		{7EFE8058-F772-40EB-8E12-6E88E2A9E19A}.Release|x86.Build.0 = Release|Any CPU
		{44DFA13C-03C3-4F07-9D78-30F981BFABC5}.Debug|Any CPU.ActiveCfg = Debug|Any CPU
		{44DFA13C-03C3-4F07-9D78-30F981BFABC5}.Debug|Any CPU.Build.0 = Debug|Any CPU
		{44DFA13C-03C3-4F07-9D78-30F981BFABC5}.Debug|x64.ActiveCfg = Debug|Any CPU
		{44DFA13C-03C3-4F07-9D78-30F981BFABC5}.Debug|x64.Build.0 = Debug|Any CPU
		{44DFA13C-03C3-4F07-9D78-30F981BFABC5}.Debug|x86.ActiveCfg = Debug|Any CPU
		{44DFA13C-03C3-4F07-9D78-30F981BFABC5}.Debug|x86.Build.0 = Debug|Any CPU
		{44DFA13C-03C3-4F07-9D78-30F981BFABC5}.Release|Any CPU.ActiveCfg = Release|Any CPU
		{44DFA13C-03C3-4F07-9D78-30F981BFABC5}.Release|Any CPU.Build.0 = Release|Any CPU
		{44DFA13C-03C3-4F07-9D78-30F981BFABC5}.Release|x64.ActiveCfg = Release|Any CPU
		{44DFA13C-03C3-4F07-9D78-30F981BFABC5}.Release|x64.Build.0 = Release|Any CPU
		{44DFA13C-03C3-4F07-9D78-30F981BFABC5}.Release|x86.ActiveCfg = Release|Any CPU
		{44DFA13C-03C3-4F07-9D78-30F981BFABC5}.Release|x86.Build.0 = Release|Any CPU
	EndGlobalSection
	GlobalSection(SolutionProperties) = preSolution
		HideSolutionNode = FALSE
	EndGlobalSection
	GlobalSection(NestedProjects) = preSolution
		{97E36F9B-145B-41DB-B6CF-E054B010869E} = {A86A6BBD-1122-4993-B472-6A0265E5F2A1}
		{1AADC6F7-6FF9-4C68-8A26-E507F22B9060} = {5E72F9F6-8DB0-4727-92F3-D05A3CC0348E}
		{77867DE2-193E-4533-B365-31CEF16A876B} = {FBA5D1FE-11EA-4FAE-B88F-7E2E809419C9}
		{76E07A4F-8839-4260-925A-3179DB1C6045} = {FBA5D1FE-11EA-4FAE-B88F-7E2E809419C9}
		{8D061D46-9E59-42B0-91DC-4E380E4AE0BA} = {FBA5D1FE-11EA-4FAE-B88F-7E2E809419C9}
		{D181FCCE-ECC7-4710-89CC-D97F94A6181B} = {D0952F11-B4B6-4AD4-8F72-C35BD6A33D59}
		{BF5B6F41-D688-447F-BF81-EA821216F188} = {9328FEED-6E95-4863-BB7B-521D0D02D7FA}
		{61FB6C20-4541-40D1-AC4B-3ECDACF5F633} = {9328FEED-6E95-4863-BB7B-521D0D02D7FA}
		{3D24108A-C922-4BAB-9D2B-060480B7A46C} = {ED3E9905-4EBF-4D77-8354-5A7D315C28C2}
		{8BFDB408-D26D-4689-B426-BE45AD195880} = {9328FEED-6E95-4863-BB7B-521D0D02D7FA}
		{B30CD716-698A-4DA2-BD1A-C152B16993C0} = {5E72F9F6-8DB0-4727-92F3-D05A3CC0348E}
		{4888D6BB-46D9-4519-8758-E13E397AA226} = {5E72F9F6-8DB0-4727-92F3-D05A3CC0348E}
		{7EFE8058-F772-40EB-8E12-6E88E2A9E19A} = {FBA5D1FE-11EA-4FAE-B88F-7E2E809419C9}
		{44DFA13C-03C3-4F07-9D78-30F981BFABC5} = {A86A6BBD-1122-4993-B472-6A0265E5F2A1}
	EndGlobalSection
	GlobalSection(ExtensibilityGlobals) = postSolution
		SolutionGuid = {A0BD3F74-AC23-4649-932F-ECB61CF9EED6}
	EndGlobalSection
EndGlobal
