
Microsoft Visual Studio Solution File, Format Version 12.00
# Visual Studio Version 16
VisualStudioVersion = 16.0.28803.352
MinimumVisualStudioVersion = 10.0.40219.1
Project("{FAE04EC0-301F-11D3-BF4B-00C04F79EFBC}") = "SiMay.RemoteMonitor", "SiMay.RemoteMonitor\SiMay.RemoteMonitor.csproj", "{97E36F9B-145B-41DB-B6CF-E054B010869E}"
EndProject
Project("{FAE04EC0-301F-11D3-BF4B-00C04F79EFBC}") = "SiMay.Core", "SiMay.Core\SiMay.Core.csproj", "{1AADC6F7-6FF9-4C68-8A26-E507F22B9060}"
EndProject
Project("{FAE04EC0-301F-11D3-BF4B-00C04F79EFBC}") = "SiMay.ServiceCore", "SiMay.RemoteClient.NewCore\SiMay.ServiceCore.csproj", "{8D061D46-9E59-42B0-91DC-4E380E4AE0BA}"
EndProject
Project("{FAE04EC0-301F-11D3-BF4B-00C04F79EFBC}") = "SiMay.Net.SessionProviderService", "SiMay.Net.SessionProviderService\SiMay.Net.SessionProviderService.csproj", "{61FB6C20-4541-40D1-AC4B-3ECDACF5F633}"
EndProject
Project("{2150E333-8FDC-42A3-9474-1A3956D46DE8}") = "SiMay.RemoteService", "SiMay.RemoteService", "{FBA5D1FE-11EA-4FAE-B88F-7E2E809419C9}"
EndProject
Project("{2150E333-8FDC-42A3-9474-1A3956D46DE8}") = "SiMay.RemoteMonitor", "SiMay.RemoteMonitor", "{A86A6BBD-1122-4993-B472-6A0265E5F2A1}"
EndProject
Project("{2150E333-8FDC-42A3-9474-1A3956D46DE8}") = "SiMay.Core", "SiMay.Core", "{5E72F9F6-8DB0-4727-92F3-D05A3CC0348E}"
EndProject
Project("{2150E333-8FDC-42A3-9474-1A3956D46DE8}") = "SiMay.Sockets", "SiMay.Sockets", "{D0952F11-B4B6-4AD4-8F72-C35BD6A33D59}"
EndProject
Project("{2150E333-8FDC-42A3-9474-1A3956D46DE8}") = "SiMay.SessionProvider", "SiMay.SessionProvider", "{9328FEED-6E95-4863-BB7B-521D0D02D7FA}"
EndProject
Project("{FAE04EC0-301F-11D3-BF4B-00C04F79EFBC}") = "SiMay.RemoteControlsCore", "SiMay.RemoteControlsCore\SiMay.RemoteControlsCore.csproj", "{44DFA13C-03C3-4F07-9D78-30F981BFABC5}"
EndProject
Project("{9A19103F-16F7-4668-BE54-9A1E7A4F7556}") = "SiMay.Sockets.Standard", "SiMay.Sockets.Standard\SiMay.Sockets.Standard.csproj", "{866F8FE0-EE58-4D38-8BE7-CBDD19DD1B40}"
EndProject
Project("{FAE04EC0-301F-11D3-BF4B-00C04F79EFBC}") = "SiMay.RemoteService.Loader", "SiMay.RemoteService.Loader\SiMay.RemoteService.Loader.csproj", "{7EFE8058-F772-40EB-8E12-6E88E2A9E19A}"
EndProject
Project("{9A19103F-16F7-4668-BE54-9A1E7A4F7556}") = "SiMay.Net.SessionProviderServiceCore", "SiMay.Net.SessionProviderServiceCore\SiMay.Net.SessionProviderServiceCore.csproj", "{3C91F949-5187-4CDF-9A5B-AA3C20F7544B}"
EndProject
Project("{9A19103F-16F7-4668-BE54-9A1E7A4F7556}") = "SiMay.Basic", "SiMay.Basic\SiMay.Basic.csproj", "{8F2F35CB-D5EE-4D92-B42F-BCFFBF9C9D4F}"
EndProject
Project("{9A19103F-16F7-4668-BE54-9A1E7A4F7556}") = "SiMay.Serialize.Standard", "SiMay.Serialize.Standard\SiMay.Serialize.Standard.csproj", "{9525A4AA-6731-4AB2-8CD0-ADDF7940FE32}"
EndProject
Project("{9A19103F-16F7-4668-BE54-9A1E7A4F7556}") = "SiMay.Net.SessionProvider", "SiMay.Net.SessionProvider\SiMay.Net.SessionProvider.csproj", "{71283236-56CB-481E-A644-B7F9AF9EFDF9}"
EndProject
Project("{9A19103F-16F7-4668-BE54-9A1E7A4F7556}") = "SiMay.Net.SessionProvider.Core", "SiMay.Net.SessionProvider.Core\SiMay.Net.SessionProvider.Core.csproj", "{0B2B697D-DD20-4869-836C-08C848E1813F}"
EndProject
Project("{FAE04EC0-301F-11D3-BF4B-00C04F79EFBC}") = "SiMay.RemoteMonitorForWeb", "SiMay.RemoteMonitorForWeb\SiMay.RemoteMonitorForWeb.csproj", "{55F9EAC2-AA55-4E10-8B00-404EBC7E164D}"
EndProject
Global
	GlobalSection(SolutionConfigurationPlatforms) = preSolution
		Debug|Any CPU = Debug|Any CPU
		Debug|x64 = Debug|x64
		Debug|x86 = Debug|x86
		Release|Any CPU = Release|Any CPU
		Release|x64 = Release|x64
		Release|x86 = Release|x86
	EndGlobalSection
	GlobalSection(ProjectConfigurationPlatforms) = postSolution
		{97E36F9B-145B-41DB-B6CF-E054B010869E}.Debug|Any CPU.ActiveCfg = Debug|Any CPU
		{97E36F9B-145B-41DB-B6CF-E054B010869E}.Debug|Any CPU.Build.0 = Debug|Any CPU
		{97E36F9B-145B-41DB-B6CF-E054B010869E}.Debug|Any CPU.Deploy.0 = Debug|Any CPU
		{97E36F9B-145B-41DB-B6CF-E054B010869E}.Debug|x64.ActiveCfg = Debug|Any CPU
		{97E36F9B-145B-41DB-B6CF-E054B010869E}.Debug|x64.Build.0 = Debug|Any CPU
		{97E36F9B-145B-41DB-B6CF-E054B010869E}.Debug|x86.ActiveCfg = Debug|x86
		{97E36F9B-145B-41DB-B6CF-E054B010869E}.Debug|x86.Build.0 = Debug|x86
		{97E36F9B-145B-41DB-B6CF-E054B010869E}.Release|Any CPU.ActiveCfg = Release|Any CPU
		{97E36F9B-145B-41DB-B6CF-E054B010869E}.Release|Any CPU.Build.0 = Release|Any CPU
		{97E36F9B-145B-41DB-B6CF-E054B010869E}.Release|x64.ActiveCfg = Release|Any CPU
		{97E36F9B-145B-41DB-B6CF-E054B010869E}.Release|x64.Build.0 = Release|Any CPU
		{97E36F9B-145B-41DB-B6CF-E054B010869E}.Release|x86.ActiveCfg = Release|x86
		{97E36F9B-145B-41DB-B6CF-E054B010869E}.Release|x86.Build.0 = Release|x86
		{1AADC6F7-6FF9-4C68-8A26-E507F22B9060}.Debug|Any CPU.ActiveCfg = Debug|Any CPU
		{1AADC6F7-6FF9-4C68-8A26-E507F22B9060}.Debug|Any CPU.Build.0 = Debug|Any CPU
		{1AADC6F7-6FF9-4C68-8A26-E507F22B9060}.Debug|x64.ActiveCfg = Debug|Any CPU
		{1AADC6F7-6FF9-4C68-8A26-E507F22B9060}.Debug|x64.Build.0 = Debug|Any CPU
		{1AADC6F7-6FF9-4C68-8A26-E507F22B9060}.Debug|x86.ActiveCfg = Debug|Any CPU
		{1AADC6F7-6FF9-4C68-8A26-E507F22B9060}.Debug|x86.Build.0 = Debug|Any CPU
		{1AADC6F7-6FF9-4C68-8A26-E507F22B9060}.Release|Any CPU.ActiveCfg = Release|Any CPU
		{1AADC6F7-6FF9-4C68-8A26-E507F22B9060}.Release|Any CPU.Build.0 = Release|Any CPU
		{1AADC6F7-6FF9-4C68-8A26-E507F22B9060}.Release|x64.ActiveCfg = Release|Any CPU
		{1AADC6F7-6FF9-4C68-8A26-E507F22B9060}.Release|x64.Build.0 = Release|Any CPU
		{1AADC6F7-6FF9-4C68-8A26-E507F22B9060}.Release|x86.ActiveCfg = Release|Any CPU
		{1AADC6F7-6FF9-4C68-8A26-E507F22B9060}.Release|x86.Build.0 = Release|Any CPU
		{8D061D46-9E59-42B0-91DC-4E380E4AE0BA}.Debug|Any CPU.ActiveCfg = Debug|Any CPU
		{8D061D46-9E59-42B0-91DC-4E380E4AE0BA}.Debug|Any CPU.Build.0 = Debug|Any CPU
		{8D061D46-9E59-42B0-91DC-4E380E4AE0BA}.Debug|x64.ActiveCfg = Debug|x64
		{8D061D46-9E59-42B0-91DC-4E380E4AE0BA}.Debug|x64.Build.0 = Debug|x64
		{8D061D46-9E59-42B0-91DC-4E380E4AE0BA}.Debug|x86.ActiveCfg = Debug|Any CPU
		{8D061D46-9E59-42B0-91DC-4E380E4AE0BA}.Debug|x86.Build.0 = Debug|Any CPU
		{8D061D46-9E59-42B0-91DC-4E380E4AE0BA}.Release|Any CPU.ActiveCfg = Release|Any CPU
		{8D061D46-9E59-42B0-91DC-4E380E4AE0BA}.Release|Any CPU.Build.0 = Release|Any CPU
		{8D061D46-9E59-42B0-91DC-4E380E4AE0BA}.Release|x64.ActiveCfg = Release|x64
		{8D061D46-9E59-42B0-91DC-4E380E4AE0BA}.Release|x64.Build.0 = Release|x64
		{8D061D46-9E59-42B0-91DC-4E380E4AE0BA}.Release|x86.ActiveCfg = Release|Any CPU
		{8D061D46-9E59-42B0-91DC-4E380E4AE0BA}.Release|x86.Build.0 = Release|Any CPU
		{61FB6C20-4541-40D1-AC4B-3ECDACF5F633}.Debug|Any CPU.ActiveCfg = Debug|Any CPU
		{61FB6C20-4541-40D1-AC4B-3ECDACF5F633}.Debug|Any CPU.Build.0 = Debug|Any CPU
		{61FB6C20-4541-40D1-AC4B-3ECDACF5F633}.Debug|x64.ActiveCfg = Debug|Any CPU
		{61FB6C20-4541-40D1-AC4B-3ECDACF5F633}.Debug|x64.Build.0 = Debug|Any CPU
		{61FB6C20-4541-40D1-AC4B-3ECDACF5F633}.Debug|x86.ActiveCfg = Debug|Any CPU
		{61FB6C20-4541-40D1-AC4B-3ECDACF5F633}.Debug|x86.Build.0 = Debug|Any CPU
		{61FB6C20-4541-40D1-AC4B-3ECDACF5F633}.Release|Any CPU.ActiveCfg = Release|Any CPU
		{61FB6C20-4541-40D1-AC4B-3ECDACF5F633}.Release|Any CPU.Build.0 = Release|Any CPU
		{61FB6C20-4541-40D1-AC4B-3ECDACF5F633}.Release|x64.ActiveCfg = Release|Any CPU
		{61FB6C20-4541-40D1-AC4B-3ECDACF5F633}.Release|x64.Build.0 = Release|Any CPU
		{61FB6C20-4541-40D1-AC4B-3ECDACF5F633}.Release|x86.ActiveCfg = Release|Any CPU
		{61FB6C20-4541-40D1-AC4B-3ECDACF5F633}.Release|x86.Build.0 = Release|Any CPU
		{44DFA13C-03C3-4F07-9D78-30F981BFABC5}.Debug|Any CPU.ActiveCfg = Debug|Any CPU
		{44DFA13C-03C3-4F07-9D78-30F981BFABC5}.Debug|Any CPU.Build.0 = Debug|Any CPU
		{44DFA13C-03C3-4F07-9D78-30F981BFABC5}.Debug|x64.ActiveCfg = Debug|Any CPU
		{44DFA13C-03C3-4F07-9D78-30F981BFABC5}.Debug|x64.Build.0 = Debug|Any CPU
		{44DFA13C-03C3-4F07-9D78-30F981BFABC5}.Debug|x86.ActiveCfg = Debug|Any CPU
		{44DFA13C-03C3-4F07-9D78-30F981BFABC5}.Debug|x86.Build.0 = Debug|Any CPU
		{44DFA13C-03C3-4F07-9D78-30F981BFABC5}.Release|Any CPU.ActiveCfg = Release|Any CPU
		{44DFA13C-03C3-4F07-9D78-30F981BFABC5}.Release|Any CPU.Build.0 = Release|Any CPU
		{44DFA13C-03C3-4F07-9D78-30F981BFABC5}.Release|x64.ActiveCfg = Release|Any CPU
		{44DFA13C-03C3-4F07-9D78-30F981BFABC5}.Release|x64.Build.0 = Release|Any CPU
		{44DFA13C-03C3-4F07-9D78-30F981BFABC5}.Release|x86.ActiveCfg = Release|Any CPU
		{44DFA13C-03C3-4F07-9D78-30F981BFABC5}.Release|x86.Build.0 = Release|Any CPU
		{866F8FE0-EE58-4D38-8BE7-CBDD19DD1B40}.Debug|Any CPU.ActiveCfg = Debug|Any CPU
		{866F8FE0-EE58-4D38-8BE7-CBDD19DD1B40}.Debug|Any CPU.Build.0 = Debug|Any CPU
		{866F8FE0-EE58-4D38-8BE7-CBDD19DD1B40}.Debug|x64.ActiveCfg = Debug|Any CPU
		{866F8FE0-EE58-4D38-8BE7-CBDD19DD1B40}.Debug|x64.Build.0 = Debug|Any CPU
		{866F8FE0-EE58-4D38-8BE7-CBDD19DD1B40}.Debug|x86.ActiveCfg = Debug|Any CPU
		{866F8FE0-EE58-4D38-8BE7-CBDD19DD1B40}.Debug|x86.Build.0 = Debug|Any CPU
		{866F8FE0-EE58-4D38-8BE7-CBDD19DD1B40}.Release|Any CPU.ActiveCfg = Release|Any CPU
		{866F8FE0-EE58-4D38-8BE7-CBDD19DD1B40}.Release|Any CPU.Build.0 = Release|Any CPU
		{866F8FE0-EE58-4D38-8BE7-CBDD19DD1B40}.Release|x64.ActiveCfg = Release|Any CPU
		{866F8FE0-EE58-4D38-8BE7-CBDD19DD1B40}.Release|x64.Build.0 = Release|Any CPU
		{866F8FE0-EE58-4D38-8BE7-CBDD19DD1B40}.Release|x86.ActiveCfg = Release|Any CPU
		{866F8FE0-EE58-4D38-8BE7-CBDD19DD1B40}.Release|x86.Build.0 = Release|Any CPU
		{7EFE8058-F772-40EB-8E12-6E88E2A9E19A}.Debug|Any CPU.ActiveCfg = Debug|Any CPU
		{7EFE8058-F772-40EB-8E12-6E88E2A9E19A}.Debug|Any CPU.Build.0 = Debug|Any CPU
		{7EFE8058-F772-40EB-8E12-6E88E2A9E19A}.Debug|x64.ActiveCfg = Debug|Any CPU
		{7EFE8058-F772-40EB-8E12-6E88E2A9E19A}.Debug|x64.Build.0 = Debug|Any CPU
		{7EFE8058-F772-40EB-8E12-6E88E2A9E19A}.Debug|x86.ActiveCfg = Debug|Any CPU
		{7EFE8058-F772-40EB-8E12-6E88E2A9E19A}.Debug|x86.Build.0 = Debug|Any CPU
		{7EFE8058-F772-40EB-8E12-6E88E2A9E19A}.Release|Any CPU.ActiveCfg = Release|Any CPU
		{7EFE8058-F772-40EB-8E12-6E88E2A9E19A}.Release|Any CPU.Build.0 = Release|Any CPU
		{7EFE8058-F772-40EB-8E12-6E88E2A9E19A}.Release|x64.ActiveCfg = Release|Any CPU
		{7EFE8058-F772-40EB-8E12-6E88E2A9E19A}.Release|x64.Build.0 = Release|Any CPU
		{7EFE8058-F772-40EB-8E12-6E88E2A9E19A}.Release|x86.ActiveCfg = Release|Any CPU
		{7EFE8058-F772-40EB-8E12-6E88E2A9E19A}.Release|x86.Build.0 = Release|Any CPU
		{3C91F949-5187-4CDF-9A5B-AA3C20F7544B}.Debug|Any CPU.ActiveCfg = Debug|Any CPU
		{3C91F949-5187-4CDF-9A5B-AA3C20F7544B}.Debug|Any CPU.Build.0 = Debug|Any CPU
		{3C91F949-5187-4CDF-9A5B-AA3C20F7544B}.Debug|x64.ActiveCfg = Debug|Any CPU
		{3C91F949-5187-4CDF-9A5B-AA3C20F7544B}.Debug|x64.Build.0 = Debug|Any CPU
		{3C91F949-5187-4CDF-9A5B-AA3C20F7544B}.Debug|x86.ActiveCfg = Debug|Any CPU
		{3C91F949-5187-4CDF-9A5B-AA3C20F7544B}.Debug|x86.Build.0 = Debug|Any CPU
		{3C91F949-5187-4CDF-9A5B-AA3C20F7544B}.Release|Any CPU.ActiveCfg = Release|Any CPU
		{3C91F949-5187-4CDF-9A5B-AA3C20F7544B}.Release|Any CPU.Build.0 = Release|Any CPU
		{3C91F949-5187-4CDF-9A5B-AA3C20F7544B}.Release|x64.ActiveCfg = Release|Any CPU
		{3C91F949-5187-4CDF-9A5B-AA3C20F7544B}.Release|x64.Build.0 = Release|Any CPU
		{3C91F949-5187-4CDF-9A5B-AA3C20F7544B}.Release|x86.ActiveCfg = Release|Any CPU
		{3C91F949-5187-4CDF-9A5B-AA3C20F7544B}.Release|x86.Build.0 = Release|Any CPU
		{8F2F35CB-D5EE-4D92-B42F-BCFFBF9C9D4F}.Debug|Any CPU.ActiveCfg = Debug|Any CPU
		{8F2F35CB-D5EE-4D92-B42F-BCFFBF9C9D4F}.Debug|Any CPU.Build.0 = Debug|Any CPU
		{8F2F35CB-D5EE-4D92-B42F-BCFFBF9C9D4F}.Debug|x64.ActiveCfg = Debug|Any CPU
		{8F2F35CB-D5EE-4D92-B42F-BCFFBF9C9D4F}.Debug|x64.Build.0 = Debug|Any CPU
		{8F2F35CB-D5EE-4D92-B42F-BCFFBF9C9D4F}.Debug|x86.ActiveCfg = Debug|Any CPU
		{8F2F35CB-D5EE-4D92-B42F-BCFFBF9C9D4F}.Debug|x86.Build.0 = Debug|Any CPU
		{8F2F35CB-D5EE-4D92-B42F-BCFFBF9C9D4F}.Release|Any CPU.ActiveCfg = Release|Any CPU
		{8F2F35CB-D5EE-4D92-B42F-BCFFBF9C9D4F}.Release|Any CPU.Build.0 = Release|Any CPU
		{8F2F35CB-D5EE-4D92-B42F-BCFFBF9C9D4F}.Release|x64.ActiveCfg = Release|Any CPU
		{8F2F35CB-D5EE-4D92-B42F-BCFFBF9C9D4F}.Release|x64.Build.0 = Release|Any CPU
		{8F2F35CB-D5EE-4D92-B42F-BCFFBF9C9D4F}.Release|x86.ActiveCfg = Release|Any CPU
		{8F2F35CB-D5EE-4D92-B42F-BCFFBF9C9D4F}.Release|x86.Build.0 = Release|Any CPU
		{9525A4AA-6731-4AB2-8CD0-ADDF7940FE32}.Debug|Any CPU.ActiveCfg = Debug|Any CPU
		{9525A4AA-6731-4AB2-8CD0-ADDF7940FE32}.Debug|Any CPU.Build.0 = Debug|Any CPU
		{9525A4AA-6731-4AB2-8CD0-ADDF7940FE32}.Debug|x64.ActiveCfg = Debug|Any CPU
		{9525A4AA-6731-4AB2-8CD0-ADDF7940FE32}.Debug|x64.Build.0 = Debug|Any CPU
		{9525A4AA-6731-4AB2-8CD0-ADDF7940FE32}.Debug|x86.ActiveCfg = Debug|Any CPU
		{9525A4AA-6731-4AB2-8CD0-ADDF7940FE32}.Debug|x86.Build.0 = Debug|Any CPU
		{9525A4AA-6731-4AB2-8CD0-ADDF7940FE32}.Release|Any CPU.ActiveCfg = Release|Any CPU
		{9525A4AA-6731-4AB2-8CD0-ADDF7940FE32}.Release|Any CPU.Build.0 = Release|Any CPU
		{9525A4AA-6731-4AB2-8CD0-ADDF7940FE32}.Release|x64.ActiveCfg = Release|Any CPU
		{9525A4AA-6731-4AB2-8CD0-ADDF7940FE32}.Release|x64.Build.0 = Release|Any CPU
		{9525A4AA-6731-4AB2-8CD0-ADDF7940FE32}.Release|x86.ActiveCfg = Release|Any CPU
		{9525A4AA-6731-4AB2-8CD0-ADDF7940FE32}.Release|x86.Build.0 = Release|Any CPU
		{71283236-56CB-481E-A644-B7F9AF9EFDF9}.Debug|Any CPU.ActiveCfg = Debug|Any CPU
		{71283236-56CB-481E-A644-B7F9AF9EFDF9}.Debug|Any CPU.Build.0 = Debug|Any CPU
		{71283236-56CB-481E-A644-B7F9AF9EFDF9}.Debug|x64.ActiveCfg = Debug|Any CPU
		{71283236-56CB-481E-A644-B7F9AF9EFDF9}.Debug|x64.Build.0 = Debug|Any CPU
		{71283236-56CB-481E-A644-B7F9AF9EFDF9}.Debug|x86.ActiveCfg = Debug|Any CPU
		{71283236-56CB-481E-A644-B7F9AF9EFDF9}.Debug|x86.Build.0 = Debug|Any CPU
		{71283236-56CB-481E-A644-B7F9AF9EFDF9}.Release|Any CPU.ActiveCfg = Release|Any CPU
		{71283236-56CB-481E-A644-B7F9AF9EFDF9}.Release|Any CPU.Build.0 = Release|Any CPU
		{71283236-56CB-481E-A644-B7F9AF9EFDF9}.Release|x64.ActiveCfg = Release|Any CPU
		{71283236-56CB-481E-A644-B7F9AF9EFDF9}.Release|x64.Build.0 = Release|Any CPU
		{71283236-56CB-481E-A644-B7F9AF9EFDF9}.Release|x86.ActiveCfg = Release|Any CPU
		{71283236-56CB-481E-A644-B7F9AF9EFDF9}.Release|x86.Build.0 = Release|Any CPU
		{0B2B697D-DD20-4869-836C-08C848E1813F}.Debug|Any CPU.ActiveCfg = Debug|Any CPU
		{0B2B697D-DD20-4869-836C-08C848E1813F}.Debug|Any CPU.Build.0 = Debug|Any CPU
		{0B2B697D-DD20-4869-836C-08C848E1813F}.Debug|x64.ActiveCfg = Debug|Any CPU
		{0B2B697D-DD20-4869-836C-08C848E1813F}.Debug|x64.Build.0 = Debug|Any CPU
		{0B2B697D-DD20-4869-836C-08C848E1813F}.Debug|x86.ActiveCfg = Debug|Any CPU
		{0B2B697D-DD20-4869-836C-08C848E1813F}.Debug|x86.Build.0 = Debug|Any CPU
		{0B2B697D-DD20-4869-836C-08C848E1813F}.Release|Any CPU.ActiveCfg = Release|Any CPU
		{0B2B697D-DD20-4869-836C-08C848E1813F}.Release|Any CPU.Build.0 = Release|Any CPU
		{0B2B697D-DD20-4869-836C-08C848E1813F}.Release|x64.ActiveCfg = Release|Any CPU
		{0B2B697D-DD20-4869-836C-08C848E1813F}.Release|x64.Build.0 = Release|Any CPU
		{0B2B697D-DD20-4869-836C-08C848E1813F}.Release|x86.ActiveCfg = Release|Any CPU
		{0B2B697D-DD20-4869-836C-08C848E1813F}.Release|x86.Build.0 = Release|Any CPU
		{55F9EAC2-AA55-4E10-8B00-404EBC7E164D}.Debug|Any CPU.ActiveCfg = Debug|Any CPU
		{55F9EAC2-AA55-4E10-8B00-404EBC7E164D}.Debug|Any CPU.Build.0 = Debug|Any CPU
		{55F9EAC2-AA55-4E10-8B00-404EBC7E164D}.Debug|x64.ActiveCfg = Debug|Any CPU
		{55F9EAC2-AA55-4E10-8B00-404EBC7E164D}.Debug|x64.Build.0 = Debug|Any CPU
		{55F9EAC2-AA55-4E10-8B00-404EBC7E164D}.Debug|x86.ActiveCfg = Debug|Any CPU
		{55F9EAC2-AA55-4E10-8B00-404EBC7E164D}.Debug|x86.Build.0 = Debug|Any CPU
		{55F9EAC2-AA55-4E10-8B00-404EBC7E164D}.Release|Any CPU.ActiveCfg = Release|Any CPU
		{55F9EAC2-AA55-4E10-8B00-404EBC7E164D}.Release|Any CPU.Build.0 = Release|Any CPU
		{55F9EAC2-AA55-4E10-8B00-404EBC7E164D}.Release|x64.ActiveCfg = Release|Any CPU
		{55F9EAC2-AA55-4E10-8B00-404EBC7E164D}.Release|x64.Build.0 = Release|Any CPU
		{55F9EAC2-AA55-4E10-8B00-404EBC7E164D}.Release|x86.ActiveCfg = Release|Any CPU
		{55F9EAC2-AA55-4E10-8B00-404EBC7E164D}.Release|x86.Build.0 = Release|Any CPU
	EndGlobalSection
	GlobalSection(SolutionProperties) = preSolution
		HideSolutionNode = FALSE
	EndGlobalSection
	GlobalSection(NestedProjects) = preSolution
		{97E36F9B-145B-41DB-B6CF-E054B010869E} = {A86A6BBD-1122-4993-B472-6A0265E5F2A1}
		{1AADC6F7-6FF9-4C68-8A26-E507F22B9060} = {5E72F9F6-8DB0-4727-92F3-D05A3CC0348E}
		{8D061D46-9E59-42B0-91DC-4E380E4AE0BA} = {FBA5D1FE-11EA-4FAE-B88F-7E2E809419C9}
		{61FB6C20-4541-40D1-AC4B-3ECDACF5F633} = {9328FEED-6E95-4863-BB7B-521D0D02D7FA}
		{44DFA13C-03C3-4F07-9D78-30F981BFABC5} = {A86A6BBD-1122-4993-B472-6A0265E5F2A1}
		{866F8FE0-EE58-4D38-8BE7-CBDD19DD1B40} = {D0952F11-B4B6-4AD4-8F72-C35BD6A33D59}
		{7EFE8058-F772-40EB-8E12-6E88E2A9E19A} = {FBA5D1FE-11EA-4FAE-B88F-7E2E809419C9}
		{3C91F949-5187-4CDF-9A5B-AA3C20F7544B} = {9328FEED-6E95-4863-BB7B-521D0D02D7FA}
		{8F2F35CB-D5EE-4D92-B42F-BCFFBF9C9D4F} = {5E72F9F6-8DB0-4727-92F3-D05A3CC0348E}
		{9525A4AA-6731-4AB2-8CD0-ADDF7940FE32} = {5E72F9F6-8DB0-4727-92F3-D05A3CC0348E}
		{71283236-56CB-481E-A644-B7F9AF9EFDF9} = {9328FEED-6E95-4863-BB7B-521D0D02D7FA}
		{0B2B697D-DD20-4869-836C-08C848E1813F} = {9328FEED-6E95-4863-BB7B-521D0D02D7FA}
		{55F9EAC2-AA55-4E10-8B00-404EBC7E164D} = {A86A6BBD-1122-4993-B472-6A0265E5F2A1}
	EndGlobalSection
	GlobalSection(ExtensibilityGlobals) = postSolution
		SolutionGuid = {A0BD3F74-AC23-4649-932F-ECB61CF9EED6}
	EndGlobalSection
EndGlobal
