
Microsoft Visual Studio Solution File, Format Version 12.00
# Visual Studio 15
VisualStudioVersion = 15.0.27703.2035
MinimumVisualStudioVersion = 10.0.40219.1
Project("{FAE04EC0-301F-11D3-BF4B-00C04F79EFBC}") = "SiMay.Socket", "SiMay.Socket.csproj", "{B0F8473C-10B8-4CF7-AE18-32037FA9BBAE}"
EndProject
Project("{FAE04EC0-301F-11D3-BF4B-00C04F79EFBC}") = "SiMaySocketTestApp", "..\SiMaySocketTestApp\SiMaySocketTestApp.csproj", "{0D35F461-0A05-42B2-ACC2-F3F5EDF06FCF}"
EndProject
Global
	GlobalSection(SolutionConfigurationPlatforms) = preSolution
		Debug|Any CPU = Debug|Any CPU
		Release|Any CPU = Release|Any CPU
	EndGlobalSection
	GlobalSection(ProjectConfigurationPlatforms) = postSolution
		{B0F8473C-10B8-4CF7-AE18-32037FA9BBAE}.Debug|Any CPU.ActiveCfg = Debug|Any CPU
		{B0F8473C-10B8-4CF7-AE18-32037FA9BBAE}.Debug|Any CPU.Build.0 = Debug|Any CPU
		{B0F8473C-10B8-4CF7-AE18-32037FA9BBAE}.Release|Any CPU.ActiveCfg = Release|Any CPU
		{B0F8473C-10B8-4CF7-AE18-32037FA9BBAE}.Release|Any CPU.Build.0 = Release|Any CPU
		{0D35F461-0A05-42B2-ACC2-F3F5EDF06FCF}.Debug|Any CPU.ActiveCfg = Debug|Any CPU
		{0D35F461-0A05-42B2-ACC2-F3F5EDF06FCF}.Debug|Any CPU.Build.0 = Debug|Any CPU
		{0D35F461-0A05-42B2-ACC2-F3F5EDF06FCF}.Release|Any CPU.ActiveCfg = Release|Any CPU
		{0D35F461-0A05-42B2-ACC2-F3F5EDF06FCF}.Release|Any CPU.Build.0 = Release|Any CPU
	EndGlobalSection
	GlobalSection(SolutionProperties) = preSolution
		HideSolutionNode = FALSE
	EndGlobalSection
	GlobalSection(ExtensibilityGlobals) = postSolution
		SolutionGuid = {1FCEBF08-68C2-4BC1-9D77-B0479D7218B8}
	EndGlobalSection
EndGlobal
