
Microsoft Visual Studio Solution File, Format Version 12.00
# Visual Studio Version 16
VisualStudioVersion = 16.0.28803.352
MinimumVisualStudioVersion = 10.0.40219.1
Project("{FAE04EC0-301F-11D3-BF4B-00C04F79EFBC}") = "SiMay.Serialize", "SiMay.Serialize.csproj", "{4888D6BB-46D9-4519-8758-E13E397AA226}"
EndProject
Project("{FAE04EC0-301F-11D3-BF4B-00C04F79EFBC}") = "SiMaySerializeTestApp", "SiMaySerializeTestApp\SiMaySerializeTestApp.csproj", "{84A4241A-3773-4B84-868F-9573FFF7F161}"
EndProject
Global
	GlobalSection(SolutionConfigurationPlatforms) = preSolution
		Debug|Any CPU = Debug|Any CPU
		Release|Any CPU = Release|Any CPU
	EndGlobalSection
	GlobalSection(ProjectConfigurationPlatforms) = postSolution
		{4888D6BB-46D9-4519-8758-E13E397AA226}.Debug|Any CPU.ActiveCfg = Debug|Any CPU
		{4888D6BB-46D9-4519-8758-E13E397AA226}.Debug|Any CPU.Build.0 = Debug|Any CPU
		{4888D6BB-46D9-4519-8758-E13E397AA226}.Release|Any CPU.ActiveCfg = Release|Any CPU
		{4888D6BB-46D9-4519-8758-E13E397AA226}.Release|Any CPU.Build.0 = Release|Any CPU
		{84A4241A-3773-4B84-868F-9573FFF7F161}.Debug|Any CPU.ActiveCfg = Debug|Any CPU
		{84A4241A-3773-4B84-868F-9573FFF7F161}.Debug|Any CPU.Build.0 = Debug|Any CPU
		{84A4241A-3773-4B84-868F-9573FFF7F161}.Release|Any CPU.ActiveCfg = Release|Any CPU
		{84A4241A-3773-4B84-868F-9573FFF7F161}.Release|Any CPU.Build.0 = Release|Any CPU
	EndGlobalSection
	GlobalSection(SolutionProperties) = preSolution
		HideSolutionNode = FALSE
	EndGlobalSection
	GlobalSection(ExtensibilityGlobals) = postSolution
		SolutionGuid = {AE976174-2305-42E9-8445-EEC36625B83E}
	EndGlobalSection
EndGlobal
